// !$*UTF8*$!
{
	archiveVersion = 1;
	classes = {
	};
	objectVersion = 46;
	objects = {

/* Begin PBXBuildFile section */
		0124E1111F2803CB00FCD29C /* ArrayTestOneObject.json in Resources */ = {isa = PBXBuildFile; fileRef = 0124E1101F2803CB00FCD29C /* ArrayTestOneObject.json */; };
		0124E1121F2803CB00FCD29C /* ArrayTestOneObject.json in Resources */ = {isa = PBXBuildFile; fileRef = 0124E1101F2803CB00FCD29C /* ArrayTestOneObject.json */; };
		0124E1131F2803CB00FCD29C /* ArrayTestOneObject.json in Resources */ = {isa = PBXBuildFile; fileRef = 0124E1101F2803CB00FCD29C /* ArrayTestOneObject.json */; };
		016C12401F28065D00A4FCED /* BadArrayTest.json in Resources */ = {isa = PBXBuildFile; fileRef = 016C123F1F28065D00A4FCED /* BadArrayTest.json */; };
		016C12411F28065D00A4FCED /* BadArrayTest.json in Resources */ = {isa = PBXBuildFile; fileRef = 016C123F1F28065D00A4FCED /* BadArrayTest.json */; };
		016C12421F28065D00A4FCED /* BadArrayTest.json in Resources */ = {isa = PBXBuildFile; fileRef = 016C123F1F28065D00A4FCED /* BadArrayTest.json */; };
		01BBEFD41DE1D52D003AC718 /* Alamofire.framework in Frameworks */ = {isa = PBXBuildFile; fileRef = 01BBEFD01DE1D50F003AC718 /* Alamofire.framework */; };
		01BBEFD51DE1D52D003AC718 /* Cashier.framework in Frameworks */ = {isa = PBXBuildFile; fileRef = 01BBEFD21DE1D50F003AC718 /* Cashier.framework */; };
		01BBEFD61DE1D533003AC718 /* Alamofire.framework in Frameworks */ = {isa = PBXBuildFile; fileRef = 01BBEFCB1DE1D50F003AC718 /* Alamofire.framework */; };
		01BBEFD71DE1D533003AC718 /* Cashier.framework in Frameworks */ = {isa = PBXBuildFile; fileRef = 01BBEFCD1DE1D50F003AC718 /* Cashier.framework */; };
		01BBEFD81DE1D537003AC718 /* Alamofire.framework in Frameworks */ = {isa = PBXBuildFile; fileRef = 01BBEFBE1DE1D50F003AC718 /* Alamofire.framework */; };
		01BBEFD91DE1D537003AC718 /* Cashier.framework in Frameworks */ = {isa = PBXBuildFile; fileRef = 01BBEFC11DE1D50F003AC718 /* Cashier.framework */; };
		01BBEFDA1DE1D540003AC718 /* Alamofire.framework in Frameworks */ = {isa = PBXBuildFile; fileRef = 01BBEFB31DE1D50E003AC718 /* Alamofire.framework */; };
		01BBEFDB1DE1D540003AC718 /* Cashier.framework in Frameworks */ = {isa = PBXBuildFile; fileRef = 01BBEFB61DE1D50F003AC718 /* Cashier.framework */; };
		01C706C91C9BEB0C0024E94A /* StringInitializableTest.json in Resources */ = {isa = PBXBuildFile; fileRef = 01C706BF1C9BEB0C0024E94A /* StringInitializableTest.json */; };
		01C706CB1C9BEB0C0024E94A /* HexInitializableTest.json in Resources */ = {isa = PBXBuildFile; fileRef = 01C706C11C9BEB0C0024E94A /* HexInitializableTest.json */; };
		01C706CD1C9BEB0C0024E94A /* SerializableEntityTest.json in Resources */ = {isa = PBXBuildFile; fileRef = 01C706C31C9BEB0C0024E94A /* SerializableEntityTest.json */; };
		01C706CF1C9BEB0C0024E94A /* SimpleModel.json in Resources */ = {isa = PBXBuildFile; fileRef = 01C706C51C9BEB0C0024E94A /* SimpleModel.json */; };
		01C706D21C9BEB0C0024E94A /* DecodableTest.json in Resources */ = {isa = PBXBuildFile; fileRef = 01C706C81C9BEB0C0024E94A /* DecodableTest.json */; };
		01CD3F901D06F2E90044887E /* CashierExtension.swift in Sources */ = {isa = PBXBuildFile; fileRef = 01F9620D1CC38A52006083C5 /* CashierExtension.swift */; };
		01CD3F911D06F2E90044887E /* BridgingBox.swift in Sources */ = {isa = PBXBuildFile; fileRef = 01F962121CC38A52006083C5 /* BridgingBox.swift */; };
		01CD3F921D06F2F30044887E /* CashierExtension.swift in Sources */ = {isa = PBXBuildFile; fileRef = 01F9620D1CC38A52006083C5 /* CashierExtension.swift */; };
		01CD3F931D06F2F30044887E /* BridgingBox.swift in Sources */ = {isa = PBXBuildFile; fileRef = 01F962121CC38A52006083C5 /* BridgingBox.swift */; };
		01CD3F941D06F2F70044887E /* CashierExtension.swift in Sources */ = {isa = PBXBuildFile; fileRef = 01F9620D1CC38A52006083C5 /* CashierExtension.swift */; };
		01CD3F951D06F2F70044887E /* BridgingBox.swift in Sources */ = {isa = PBXBuildFile; fileRef = 01F962121CC38A52006083C5 /* BridgingBox.swift */; };
		01CD3F9C1D0705CF0044887E /* CashierExtensionTests.swift in Sources */ = {isa = PBXBuildFile; fileRef = 83F3AFCE1CE92DB300D47725 /* CashierExtensionTests.swift */; };
		01CD3F9D1D0705CF0044887E /* CashierExtensionTests.swift in Sources */ = {isa = PBXBuildFile; fileRef = 83F3AFCE1CE92DB300D47725 /* CashierExtensionTests.swift */; };
		01CD3F9E1D0705D20044887E /* BridgingBoxTests.swift in Sources */ = {isa = PBXBuildFile; fileRef = 83F3AFCD1CE92DB300D47725 /* BridgingBoxTests.swift */; };
		01CD3F9F1D0705D20044887E /* BridgingBoxTests.swift in Sources */ = {isa = PBXBuildFile; fileRef = 83F3AFCD1CE92DB300D47725 /* BridgingBoxTests.swift */; };
		01F962301CC38A52006083C5 /* AlamofireExtension.swift in Sources */ = {isa = PBXBuildFile; fileRef = 01F9620C1CC38A52006083C5 /* AlamofireExtension.swift */; };
		01F962311CC38A52006083C5 /* CashierExtension.swift in Sources */ = {isa = PBXBuildFile; fileRef = 01F9620D1CC38A52006083C5 /* CashierExtension.swift */; };
		01F962321CC38A52006083C5 /* Extensions.swift in Sources */ = {isa = PBXBuildFile; fileRef = 01F9620E1CC38A52006083C5 /* Extensions.swift */; };
		01F962331CC38A52006083C5 /* Operator.swift in Sources */ = {isa = PBXBuildFile; fileRef = 01F962101CC38A52006083C5 /* Operator.swift */; };
		01F962341CC38A52006083C5 /* BridgingBox.swift in Sources */ = {isa = PBXBuildFile; fileRef = 01F962121CC38A52006083C5 /* BridgingBox.swift */; };
		01F962351CC38A52006083C5 /* Serpent.swift in Sources */ = {isa = PBXBuildFile; fileRef = 01F962131CC38A52006083C5 /* Serpent.swift */; };
		01F962371CC38A52006083C5 /* Serpent.h in Headers */ = {isa = PBXBuildFile; fileRef = 01F962161CC38A52006083C5 /* Serpent.h */; settings = {ATTRIBUTES = (Public, ); }; };
		01F9624C1CC38AB7006083C5 /* Serpent.h in Headers */ = {isa = PBXBuildFile; fileRef = 01F962161CC38A52006083C5 /* Serpent.h */; settings = {ATTRIBUTES = (Public, ); }; };
		01F9624D1CC38ABC006083C5 /* Serpent.h in Headers */ = {isa = PBXBuildFile; fileRef = 01F962161CC38A52006083C5 /* Serpent.h */; settings = {ATTRIBUTES = (Public, ); }; };
		01F9624E1CC38AC2006083C5 /* Serpent.h in Headers */ = {isa = PBXBuildFile; fileRef = 01F962161CC38A52006083C5 /* Serpent.h */; settings = {ATTRIBUTES = (Public, ); }; };
		01F962501CC38BBD006083C5 /* Operator.swift in Sources */ = {isa = PBXBuildFile; fileRef = 01F962101CC38A52006083C5 /* Operator.swift */; };
		01F962511CC38BBD006083C5 /* Operator.swift in Sources */ = {isa = PBXBuildFile; fileRef = 01F962101CC38A52006083C5 /* Operator.swift */; };
		01F962521CC38BBE006083C5 /* Operator.swift in Sources */ = {isa = PBXBuildFile; fileRef = 01F962101CC38A52006083C5 /* Operator.swift */; };
		01F962561CC38BCA006083C5 /* Serpent.swift in Sources */ = {isa = PBXBuildFile; fileRef = 01F962131CC38A52006083C5 /* Serpent.swift */; };
		01F962571CC38BCA006083C5 /* AlamofireExtension.swift in Sources */ = {isa = PBXBuildFile; fileRef = 01F9620C1CC38A52006083C5 /* AlamofireExtension.swift */; };
		01F962591CC38BCA006083C5 /* Extensions.swift in Sources */ = {isa = PBXBuildFile; fileRef = 01F9620E1CC38A52006083C5 /* Extensions.swift */; };
		01F9625A1CC38BCA006083C5 /* Serpent.swift in Sources */ = {isa = PBXBuildFile; fileRef = 01F962131CC38A52006083C5 /* Serpent.swift */; };
		01F9625B1CC38BCA006083C5 /* AlamofireExtension.swift in Sources */ = {isa = PBXBuildFile; fileRef = 01F9620C1CC38A52006083C5 /* AlamofireExtension.swift */; };
		01F9625D1CC38BCA006083C5 /* Extensions.swift in Sources */ = {isa = PBXBuildFile; fileRef = 01F9620E1CC38A52006083C5 /* Extensions.swift */; };
		01F9625E1CC38BCB006083C5 /* Serpent.swift in Sources */ = {isa = PBXBuildFile; fileRef = 01F962131CC38A52006083C5 /* Serpent.swift */; };
		01F9625F1CC38BCB006083C5 /* AlamofireExtension.swift in Sources */ = {isa = PBXBuildFile; fileRef = 01F9620C1CC38A52006083C5 /* AlamofireExtension.swift */; };
		01F962611CC38BCB006083C5 /* Extensions.swift in Sources */ = {isa = PBXBuildFile; fileRef = 01F9620E1CC38A52006083C5 /* Extensions.swift */; };
		272D92731C6DFB7300BCD3B6 /* CustomOperatorsTest.json in Resources */ = {isa = PBXBuildFile; fileRef = 272D926D1C6DFB7300BCD3B6 /* CustomOperatorsTest.json */; };
		272D92751C6DFB7300BCD3B6 /* EnumsTest.json in Resources */ = {isa = PBXBuildFile; fileRef = 272D926F1C6DFB7300BCD3B6 /* EnumsTest.json */; };
		272D92771C6DFB7300BCD3B6 /* PrimitivesTest.json in Resources */ = {isa = PBXBuildFile; fileRef = 272D92711C6DFB7300BCD3B6 /* PrimitivesTest.json */; };
		272F1DD11C6A392A0098F620 /* Serpent.framework in Frameworks */ = {isa = PBXBuildFile; fileRef = 272F1DC61C6A392A0098F620 /* Serpent.framework */; };
		2732ECA41C9F21BF00BFD4E1 /* Serpent.framework in Frameworks */ = {isa = PBXBuildFile; fileRef = 2732EC9A1C9F21BF00BFD4E1 /* Serpent.framework */; };
		2732ECBF1C9F2A3600BFD4E1 /* CustomOperatorsTestModel.swift in Sources */ = {isa = PBXBuildFile; fileRef = 272D926E1C6DFB7300BCD3B6 /* CustomOperatorsTestModel.swift */; };
		2732ECC01C9F2A3600BFD4E1 /* EnumsTestModel.swift in Sources */ = {isa = PBXBuildFile; fileRef = 272D92701C6DFB7300BCD3B6 /* EnumsTestModel.swift */; };
		2732ECC11C9F2A3600BFD4E1 /* PrimitivesTestModel.swift in Sources */ = {isa = PBXBuildFile; fileRef = 272D92721C6DFB7300BCD3B6 /* PrimitivesTestModel.swift */; };
		2732ECC21C9F2A3600BFD4E1 /* StringInitializableTestModel.swift in Sources */ = {isa = PBXBuildFile; fileRef = 01C706C01C9BEB0C0024E94A /* StringInitializableTestModel.swift */; };
		2732ECC31C9F2A3600BFD4E1 /* HexInitializableTestModel.swift in Sources */ = {isa = PBXBuildFile; fileRef = 01C706C21C9BEB0C0024E94A /* HexInitializableTestModel.swift */; };
		2732ECC41C9F2A3600BFD4E1 /* SerializableEntityTestModel.swift in Sources */ = {isa = PBXBuildFile; fileRef = 01C706C41C9BEB0C0024E94A /* SerializableEntityTestModel.swift */; };
		2732ECC51C9F2A3600BFD4E1 /* SimpleModel.swift in Sources */ = {isa = PBXBuildFile; fileRef = 01C706C61C9BEB0C0024E94A /* SimpleModel.swift */; };
		2732ECC61C9F2A3600BFD4E1 /* DecodableModel.swift in Sources */ = {isa = PBXBuildFile; fileRef = 01C706C71C9BEB0C0024E94A /* DecodableModel.swift */; };
		2732ECC71C9F2A3600BFD4E1 /* NetworkTestModel.swift in Sources */ = {isa = PBXBuildFile; fileRef = 27B05FD11C9C3869004F2CCB /* NetworkTestModel.swift */; };
		2732ECC81C9F2A3600BFD4E1 /* CustomOperatorsTests.swift in Sources */ = {isa = PBXBuildFile; fileRef = 272D92661C6DFB5B00BCD3B6 /* CustomOperatorsTests.swift */; };
		2732ECC91C9F2A3600BFD4E1 /* SerializableEnumsTests.swift in Sources */ = {isa = PBXBuildFile; fileRef = 272D92671C6DFB5B00BCD3B6 /* SerializableEnumsTests.swift */; };
		2732ECCA1C9F2A3600BFD4E1 /* SerializablePrimitivesTests.swift in Sources */ = {isa = PBXBuildFile; fileRef = 272D92681C6DFB5B00BCD3B6 /* SerializablePrimitivesTests.swift */; };
		2732ECCB1C9F2A3600BFD4E1 /* StringInitializableTests.swift in Sources */ = {isa = PBXBuildFile; fileRef = 01C706B51C9BEAF50024E94A /* StringInitializableTests.swift */; };
		2732ECCC1C9F2A3600BFD4E1 /* HexInitalizableTests.swift in Sources */ = {isa = PBXBuildFile; fileRef = 01C706B61C9BEAF50024E94A /* HexInitalizableTests.swift */; };
		2732ECCD1C9F2A3600BFD4E1 /* SerializableNilEntitiesTests.swift in Sources */ = {isa = PBXBuildFile; fileRef = 01C706B71C9BEAF50024E94A /* SerializableNilEntitiesTests.swift */; };
		2732ECCE1C9F2A3600BFD4E1 /* DecodableTests.swift in Sources */ = {isa = PBXBuildFile; fileRef = 01C706B81C9BEAF50024E94A /* DecodableTests.swift */; };
		2732ECCF1C9F2A3600BFD4E1 /* SerializableEntityTests.swift in Sources */ = {isa = PBXBuildFile; fileRef = 01C706B91C9BEAF50024E94A /* SerializableEntityTests.swift */; };
		2732ECD01C9F2A3600BFD4E1 /* AlamofireExtensionTests.swift in Sources */ = {isa = PBXBuildFile; fileRef = 27B05FCF1C9C3842004F2CCB /* AlamofireExtensionTests.swift */; };
		2732ECD11C9F2A4D00BFD4E1 /* CustomOperatorsTest.json in Resources */ = {isa = PBXBuildFile; fileRef = 272D926D1C6DFB7300BCD3B6 /* CustomOperatorsTest.json */; };
		2732ECD21C9F2A4D00BFD4E1 /* EnumsTest.json in Resources */ = {isa = PBXBuildFile; fileRef = 272D926F1C6DFB7300BCD3B6 /* EnumsTest.json */; };
		2732ECD31C9F2A4D00BFD4E1 /* PrimitivesTest.json in Resources */ = {isa = PBXBuildFile; fileRef = 272D92711C6DFB7300BCD3B6 /* PrimitivesTest.json */; };
		2732ECD41C9F2A4D00BFD4E1 /* StringInitializableTest.json in Resources */ = {isa = PBXBuildFile; fileRef = 01C706BF1C9BEB0C0024E94A /* StringInitializableTest.json */; };
		2732ECD51C9F2A4D00BFD4E1 /* HexInitializableTest.json in Resources */ = {isa = PBXBuildFile; fileRef = 01C706C11C9BEB0C0024E94A /* HexInitializableTest.json */; };
		2732ECD61C9F2A4D00BFD4E1 /* SerializableEntityTest.json in Resources */ = {isa = PBXBuildFile; fileRef = 01C706C31C9BEB0C0024E94A /* SerializableEntityTest.json */; };
		2732ECD71C9F2A4D00BFD4E1 /* SimpleModel.json in Resources */ = {isa = PBXBuildFile; fileRef = 01C706C51C9BEB0C0024E94A /* SimpleModel.json */; };
		2732ECD81C9F2A4D00BFD4E1 /* DecodableTest.json in Resources */ = {isa = PBXBuildFile; fileRef = 01C706C81C9BEB0C0024E94A /* DecodableTest.json */; };
		2732ECDC1C9F44E800BFD4E1 /* HexInitializableTestModel.swift in Sources */ = {isa = PBXBuildFile; fileRef = 01C706C21C9BEB0C0024E94A /* HexInitializableTestModel.swift */; };
		2732ECDD1C9F44EB00BFD4E1 /* HexInitializableTest.json in Resources */ = {isa = PBXBuildFile; fileRef = 01C706C11C9BEB0C0024E94A /* HexInitializableTest.json */; };
		2732ECDE1C9F44EE00BFD4E1 /* HexInitalizableTests.swift in Sources */ = {isa = PBXBuildFile; fileRef = 01C706B61C9BEAF50024E94A /* HexInitalizableTests.swift */; };
		2785B5371C9DE72F00E40605 /* Serpent.framework in Frameworks */ = {isa = PBXBuildFile; fileRef = 2785B52D1C9DE72E00E40605 /* Serpent.framework */; };
		2785B54C1C9DE98000E40605 /* EnumsTestModel.swift in Sources */ = {isa = PBXBuildFile; fileRef = 272D92701C6DFB7300BCD3B6 /* EnumsTestModel.swift */; };
		2785B54D1C9DE98000E40605 /* PrimitivesTestModel.swift in Sources */ = {isa = PBXBuildFile; fileRef = 272D92721C6DFB7300BCD3B6 /* PrimitivesTestModel.swift */; };
		2785B54E1C9DE98000E40605 /* StringInitializableTestModel.swift in Sources */ = {isa = PBXBuildFile; fileRef = 01C706C01C9BEB0C0024E94A /* StringInitializableTestModel.swift */; };
		2785B5501C9DE98000E40605 /* SerializableEntityTestModel.swift in Sources */ = {isa = PBXBuildFile; fileRef = 01C706C41C9BEB0C0024E94A /* SerializableEntityTestModel.swift */; };
		2785B5511C9DE98000E40605 /* SimpleModel.swift in Sources */ = {isa = PBXBuildFile; fileRef = 01C706C61C9BEB0C0024E94A /* SimpleModel.swift */; };
		2785B5521C9DE98000E40605 /* DecodableModel.swift in Sources */ = {isa = PBXBuildFile; fileRef = 01C706C71C9BEB0C0024E94A /* DecodableModel.swift */; };
		2785B5531C9DE98000E40605 /* NetworkTestModel.swift in Sources */ = {isa = PBXBuildFile; fileRef = 27B05FD11C9C3869004F2CCB /* NetworkTestModel.swift */; };
		2785B5541C9DE98000E40605 /* CustomOperatorsTests.swift in Sources */ = {isa = PBXBuildFile; fileRef = 272D92661C6DFB5B00BCD3B6 /* CustomOperatorsTests.swift */; };
		2785B5551C9DE98000E40605 /* SerializableEnumsTests.swift in Sources */ = {isa = PBXBuildFile; fileRef = 272D92671C6DFB5B00BCD3B6 /* SerializableEnumsTests.swift */; };
		2785B5561C9DE98000E40605 /* SerializablePrimitivesTests.swift in Sources */ = {isa = PBXBuildFile; fileRef = 272D92681C6DFB5B00BCD3B6 /* SerializablePrimitivesTests.swift */; };
		2785B5571C9DE98000E40605 /* StringInitializableTests.swift in Sources */ = {isa = PBXBuildFile; fileRef = 01C706B51C9BEAF50024E94A /* StringInitializableTests.swift */; };
		2785B5591C9DE98000E40605 /* SerializableNilEntitiesTests.swift in Sources */ = {isa = PBXBuildFile; fileRef = 01C706B71C9BEAF50024E94A /* SerializableNilEntitiesTests.swift */; };
		2785B55A1C9DE98000E40605 /* DecodableTests.swift in Sources */ = {isa = PBXBuildFile; fileRef = 01C706B81C9BEAF50024E94A /* DecodableTests.swift */; };
		2785B55B1C9DE98000E40605 /* SerializableEntityTests.swift in Sources */ = {isa = PBXBuildFile; fileRef = 01C706B91C9BEAF50024E94A /* SerializableEntityTests.swift */; };
		2785B5601C9DE9A400E40605 /* CustomOperatorsTest.json in Resources */ = {isa = PBXBuildFile; fileRef = 272D926D1C6DFB7300BCD3B6 /* CustomOperatorsTest.json */; };
		2785B5611C9DE9A400E40605 /* EnumsTest.json in Resources */ = {isa = PBXBuildFile; fileRef = 272D926F1C6DFB7300BCD3B6 /* EnumsTest.json */; };
		2785B5621C9DE9A400E40605 /* PrimitivesTest.json in Resources */ = {isa = PBXBuildFile; fileRef = 272D92711C6DFB7300BCD3B6 /* PrimitivesTest.json */; };
		2785B5631C9DE9A400E40605 /* StringInitializableTest.json in Resources */ = {isa = PBXBuildFile; fileRef = 01C706BF1C9BEB0C0024E94A /* StringInitializableTest.json */; };
		2785B5651C9DE9A400E40605 /* SerializableEntityTest.json in Resources */ = {isa = PBXBuildFile; fileRef = 01C706C31C9BEB0C0024E94A /* SerializableEntityTest.json */; };
		2785B5661C9DE9A400E40605 /* SimpleModel.json in Resources */ = {isa = PBXBuildFile; fileRef = 01C706C51C9BEB0C0024E94A /* SimpleModel.json */; };
		2785B5671C9DE9A400E40605 /* DecodableTest.json in Resources */ = {isa = PBXBuildFile; fileRef = 01C706C81C9BEB0C0024E94A /* DecodableTest.json */; };
		27D9ED7B1C9F1DD500EB2B49 /* CustomOperatorsTestModel.swift in Sources */ = {isa = PBXBuildFile; fileRef = 272D926E1C6DFB7300BCD3B6 /* CustomOperatorsTestModel.swift */; };
		27D9ED911C9F202600EB2B49 /* AlamofireExtensionTests.swift in Sources */ = {isa = PBXBuildFile; fileRef = 27B05FCF1C9C3842004F2CCB /* AlamofireExtensionTests.swift */; };
		830175A31D96E44100B85378 /* ArrayTest.json in Resources */ = {isa = PBXBuildFile; fileRef = 830175A01D96E44100B85378 /* ArrayTest.json */; };
		830175A41D96E44100B85378 /* ArrayTest.json in Resources */ = {isa = PBXBuildFile; fileRef = 830175A01D96E44100B85378 /* ArrayTest.json */; };
		830175A51D96E44100B85378 /* ArrayTest.json in Resources */ = {isa = PBXBuildFile; fileRef = 830175A01D96E44100B85378 /* ArrayTest.json */; };
		830175A61D96E44100B85378 /* Empty.json in Resources */ = {isa = PBXBuildFile; fileRef = 830175A11D96E44100B85378 /* Empty.json */; };
		830175A71D96E44100B85378 /* Empty.json in Resources */ = {isa = PBXBuildFile; fileRef = 830175A11D96E44100B85378 /* Empty.json */; };
		830175A81D96E44100B85378 /* Empty.json in Resources */ = {isa = PBXBuildFile; fileRef = 830175A11D96E44100B85378 /* Empty.json */; };
		830175A91D96E44100B85378 /* NestedArrayTest.json in Resources */ = {isa = PBXBuildFile; fileRef = 830175A21D96E44100B85378 /* NestedArrayTest.json */; };
		830175AA1D96E44100B85378 /* NestedArrayTest.json in Resources */ = {isa = PBXBuildFile; fileRef = 830175A21D96E44100B85378 /* NestedArrayTest.json */; };
		830175AB1D96E44100B85378 /* NestedArrayTest.json in Resources */ = {isa = PBXBuildFile; fileRef = 830175A21D96E44100B85378 /* NestedArrayTest.json */; };
		830175AE1D96E8A700B85378 /* NetworkModel.json in Resources */ = {isa = PBXBuildFile; fileRef = 830175AD1D96E8A700B85378 /* NetworkModel.json */; };
		830175AF1D96E8A700B85378 /* NetworkModel.json in Resources */ = {isa = PBXBuildFile; fileRef = 830175AD1D96E8A700B85378 /* NetworkModel.json */; };
		830175B01D96E8A700B85378 /* NetworkModel.json in Resources */ = {isa = PBXBuildFile; fileRef = 830175AD1D96E8A700B85378 /* NetworkModel.json */; };
		830175B41D96E9D000B85378 /* NetworkModelBad.json in Resources */ = {isa = PBXBuildFile; fileRef = 830175B31D96E9D000B85378 /* NetworkModelBad.json */; };
		830175B51D96E9D000B85378 /* NetworkModelBad.json in Resources */ = {isa = PBXBuildFile; fileRef = 830175B31D96E9D000B85378 /* NetworkModelBad.json */; };
		830175B61D96E9D000B85378 /* NetworkModelBad.json in Resources */ = {isa = PBXBuildFile; fileRef = 830175B31D96E9D000B85378 /* NetworkModelBad.json */; };
		830175B81D97007300B85378 /* SerializablePerformanceTest.swift in Sources */ = {isa = PBXBuildFile; fileRef = 830175B71D97007300B85378 /* SerializablePerformanceTest.swift */; };
		830175B91D97007300B85378 /* SerializablePerformanceTest.swift in Sources */ = {isa = PBXBuildFile; fileRef = 830175B71D97007300B85378 /* SerializablePerformanceTest.swift */; };
		830175BA1D97007300B85378 /* SerializablePerformanceTest.swift in Sources */ = {isa = PBXBuildFile; fileRef = 830175B71D97007300B85378 /* SerializablePerformanceTest.swift */; };
		830175BF1D97008800B85378 /* PerformanceSmallTest.json in Resources */ = {isa = PBXBuildFile; fileRef = 830175BB1D97008800B85378 /* PerformanceSmallTest.json */; };
		830175C01D97008800B85378 /* PerformanceSmallTest.json in Resources */ = {isa = PBXBuildFile; fileRef = 830175BB1D97008800B85378 /* PerformanceSmallTest.json */; };
		830175C11D97008800B85378 /* PerformanceSmallTest.json in Resources */ = {isa = PBXBuildFile; fileRef = 830175BB1D97008800B85378 /* PerformanceSmallTest.json */; };
		830175C21D97008800B85378 /* PerformanceTest.json in Resources */ = {isa = PBXBuildFile; fileRef = 830175BC1D97008800B85378 /* PerformanceTest.json */; };
		830175C31D97008800B85378 /* PerformanceTest.json in Resources */ = {isa = PBXBuildFile; fileRef = 830175BC1D97008800B85378 /* PerformanceTest.json */; };
		830175C41D97008800B85378 /* PerformanceTest.json in Resources */ = {isa = PBXBuildFile; fileRef = 830175BC1D97008800B85378 /* PerformanceTest.json */; };
		830175C51D97008800B85378 /* PerformanceTestModel.swift in Sources */ = {isa = PBXBuildFile; fileRef = 830175BD1D97008800B85378 /* PerformanceTestModel.swift */; };
		830175C61D97008800B85378 /* PerformanceTestModel.swift in Sources */ = {isa = PBXBuildFile; fileRef = 830175BD1D97008800B85378 /* PerformanceTestModel.swift */; };
		830175C71D97008800B85378 /* PerformanceTestModel.swift in Sources */ = {isa = PBXBuildFile; fileRef = 830175BD1D97008800B85378 /* PerformanceTestModel.swift */; };
		830175C81D97008800B85378 /* PerformanceTestSmallModel.swift in Sources */ = {isa = PBXBuildFile; fileRef = 830175BE1D97008800B85378 /* PerformanceTestSmallModel.swift */; };
		830175C91D97008800B85378 /* PerformanceTestSmallModel.swift in Sources */ = {isa = PBXBuildFile; fileRef = 830175BE1D97008800B85378 /* PerformanceTestSmallModel.swift */; };
		830175CA1D97008800B85378 /* PerformanceTestSmallModel.swift in Sources */ = {isa = PBXBuildFile; fileRef = 830175BE1D97008800B85378 /* PerformanceTestSmallModel.swift */; };
		830175CD1D97037D00B85378 /* NilTestModel.swift in Sources */ = {isa = PBXBuildFile; fileRef = 830175CB1D97037D00B85378 /* NilTestModel.swift */; };
		830175CE1D97037D00B85378 /* NilTestModel.swift in Sources */ = {isa = PBXBuildFile; fileRef = 830175CB1D97037D00B85378 /* NilTestModel.swift */; };
		832C2FBF1EB36D0300217E79 /* CustomOperatorsTestModel.swift in Sources */ = {isa = PBXBuildFile; fileRef = 272D926E1C6DFB7300BCD3B6 /* CustomOperatorsTestModel.swift */; };
		832C2FC01EB36D0300217E79 /* EnumsTestModel.swift in Sources */ = {isa = PBXBuildFile; fileRef = 272D92701C6DFB7300BCD3B6 /* EnumsTestModel.swift */; };
		832C2FC11EB36D0300217E79 /* PrimitivesTestModel.swift in Sources */ = {isa = PBXBuildFile; fileRef = 272D92721C6DFB7300BCD3B6 /* PrimitivesTestModel.swift */; };
		832C2FC21EB36D0300217E79 /* StringInitializableTestModel.swift in Sources */ = {isa = PBXBuildFile; fileRef = 01C706C01C9BEB0C0024E94A /* StringInitializableTestModel.swift */; };
		832C2FC31EB36D0300217E79 /* HexInitializableTestModel.swift in Sources */ = {isa = PBXBuildFile; fileRef = 01C706C21C9BEB0C0024E94A /* HexInitializableTestModel.swift */; };
		832C2FC41EB36D0300217E79 /* SerializableEntityTestModel.swift in Sources */ = {isa = PBXBuildFile; fileRef = 01C706C41C9BEB0C0024E94A /* SerializableEntityTestModel.swift */; };
		832C2FC51EB36D0300217E79 /* SimpleModel.swift in Sources */ = {isa = PBXBuildFile; fileRef = 01C706C61C9BEB0C0024E94A /* SimpleModel.swift */; };
		832C2FC61EB36D0300217E79 /* DecodableModel.swift in Sources */ = {isa = PBXBuildFile; fileRef = 01C706C71C9BEB0C0024E94A /* DecodableModel.swift */; };
		832C2FC71EB36D0300217E79 /* NetworkTestModel.swift in Sources */ = {isa = PBXBuildFile; fileRef = 27B05FD11C9C3869004F2CCB /* NetworkTestModel.swift */; };
		832C2FC81EB36D0300217E79 /* NilTestModel.swift in Sources */ = {isa = PBXBuildFile; fileRef = 830175CB1D97037D00B85378 /* NilTestModel.swift */; };
		832C2FC91EB36D0300217E79 /* CustomOperatorsTests.swift in Sources */ = {isa = PBXBuildFile; fileRef = 272D92661C6DFB5B00BCD3B6 /* CustomOperatorsTests.swift */; };
		832C2FCA1EB36D0300217E79 /* SerializableEnumsTests.swift in Sources */ = {isa = PBXBuildFile; fileRef = 272D92671C6DFB5B00BCD3B6 /* SerializableEnumsTests.swift */; };
		832C2FCB1EB36D0300217E79 /* SerializablePrimitivesTests.swift in Sources */ = {isa = PBXBuildFile; fileRef = 272D92681C6DFB5B00BCD3B6 /* SerializablePrimitivesTests.swift */; };
		832C2FCC1EB36D0300217E79 /* StringInitializableTests.swift in Sources */ = {isa = PBXBuildFile; fileRef = 01C706B51C9BEAF50024E94A /* StringInitializableTests.swift */; };
		832C2FCD1EB36D0300217E79 /* HexInitalizableTests.swift in Sources */ = {isa = PBXBuildFile; fileRef = 01C706B61C9BEAF50024E94A /* HexInitalizableTests.swift */; };
		832C2FCE1EB36D0300217E79 /* SerializableNilEntitiesTests.swift in Sources */ = {isa = PBXBuildFile; fileRef = 01C706B71C9BEAF50024E94A /* SerializableNilEntitiesTests.swift */; };
		832C2FCF1EB36D0300217E79 /* DecodableTests.swift in Sources */ = {isa = PBXBuildFile; fileRef = 01C706B81C9BEAF50024E94A /* DecodableTests.swift */; };
		832C2FD01EB36D0300217E79 /* SerializableEntityTests.swift in Sources */ = {isa = PBXBuildFile; fileRef = 01C706B91C9BEAF50024E94A /* SerializableEntityTests.swift */; };
		832C2FD11EB36D0300217E79 /* AlamofireExtensionTests.swift in Sources */ = {isa = PBXBuildFile; fileRef = 27B05FCF1C9C3842004F2CCB /* AlamofireExtensionTests.swift */; };
		832C2FD21EB36D0300217E79 /* BridgingBoxTests.swift in Sources */ = {isa = PBXBuildFile; fileRef = 83F3AFCD1CE92DB300D47725 /* BridgingBoxTests.swift */; };
		832C2FD31EB36D0300217E79 /* CashierExtensionTests.swift in Sources */ = {isa = PBXBuildFile; fileRef = 83F3AFCE1CE92DB300D47725 /* CashierExtensionTests.swift */; };
		BDE622DB1F0A344200F22FE9 /* EmbeddedPropertyTestModel.swift in Sources */ = {isa = PBXBuildFile; fileRef = BDE622DA1F0A344200F22FE9 /* EmbeddedPropertyTestModel.swift */; };
		BDE622DD1F0A34F600F22FE9 /* EmbeddedPropertyTest.json in Resources */ = {isa = PBXBuildFile; fileRef = BDE622DC1F0A34F600F22FE9 /* EmbeddedPropertyTest.json */; };
		BDE622DF1F0A358700F22FE9 /* EmbeddedPropertyTest.swift in Sources */ = {isa = PBXBuildFile; fileRef = BDE622DE1F0A358700F22FE9 /* EmbeddedPropertyTest.swift */; };
/* End PBXBuildFile section */

/* Begin PBXContainerItemProxy section */
		272F1DD21C6A392A0098F620 /* PBXContainerItemProxy */ = {
			isa = PBXContainerItemProxy;
			containerPortal = 272F1DBD1C6A392A0098F620 /* Project object */;
			proxyType = 1;
			remoteGlobalIDString = 272F1DC51C6A392A0098F620;
			remoteInfo = Serializable;
		};
		2732ECA51C9F21BF00BFD4E1 /* PBXContainerItemProxy */ = {
			isa = PBXContainerItemProxy;
			containerPortal = 272F1DBD1C6A392A0098F620 /* Project object */;
			proxyType = 1;
			remoteGlobalIDString = 2732EC991C9F21BF00BFD4E1;
			remoteInfo = "Serializable tvOS";
		};
		2785B5381C9DE72F00E40605 /* PBXContainerItemProxy */ = {
			isa = PBXContainerItemProxy;
			containerPortal = 272F1DBD1C6A392A0098F620 /* Project object */;
			proxyType = 1;
			remoteGlobalIDString = 2785B52C1C9DE72E00E40605;
			remoteInfo = "Serializable OSX";
		};
/* End PBXContainerItemProxy section */

/* Begin PBXFileReference section */
		0124E1101F2803CB00FCD29C /* ArrayTestOneObject.json */ = {isa = PBXFileReference; fileEncoding = 4; lastKnownFileType = text.json; path = ArrayTestOneObject.json; sourceTree = "<group>"; };
		016C123F1F28065D00A4FCED /* BadArrayTest.json */ = {isa = PBXFileReference; fileEncoding = 4; lastKnownFileType = text.json; path = BadArrayTest.json; sourceTree = "<group>"; };
		01BBEFB31DE1D50E003AC718 /* Alamofire.framework */ = {isa = PBXFileReference; lastKnownFileType = wrapper.framework; path = Alamofire.framework; sourceTree = "<group>"; };
		01BBEFB61DE1D50F003AC718 /* Cashier.framework */ = {isa = PBXFileReference; lastKnownFileType = wrapper.framework; path = Cashier.framework; sourceTree = "<group>"; };
		01BBEFBE1DE1D50F003AC718 /* Alamofire.framework */ = {isa = PBXFileReference; lastKnownFileType = wrapper.framework; path = Alamofire.framework; sourceTree = "<group>"; };
		01BBEFC11DE1D50F003AC718 /* Cashier.framework */ = {isa = PBXFileReference; lastKnownFileType = wrapper.framework; path = Cashier.framework; sourceTree = "<group>"; };
		01BBEFCB1DE1D50F003AC718 /* Alamofire.framework */ = {isa = PBXFileReference; lastKnownFileType = wrapper.framework; path = Alamofire.framework; sourceTree = "<group>"; };
		01BBEFCD1DE1D50F003AC718 /* Cashier.framework */ = {isa = PBXFileReference; lastKnownFileType = wrapper.framework; path = Cashier.framework; sourceTree = "<group>"; };
		01BBEFD01DE1D50F003AC718 /* Alamofire.framework */ = {isa = PBXFileReference; lastKnownFileType = wrapper.framework; path = Alamofire.framework; sourceTree = "<group>"; };
		01BBEFD21DE1D50F003AC718 /* Cashier.framework */ = {isa = PBXFileReference; lastKnownFileType = wrapper.framework; path = Cashier.framework; sourceTree = "<group>"; };
		01C706B51C9BEAF50024E94A /* StringInitializableTests.swift */ = {isa = PBXFileReference; fileEncoding = 4; lastKnownFileType = sourcecode.swift; path = StringInitializableTests.swift; sourceTree = "<group>"; };
		01C706B61C9BEAF50024E94A /* HexInitalizableTests.swift */ = {isa = PBXFileReference; fileEncoding = 4; lastKnownFileType = sourcecode.swift; path = HexInitalizableTests.swift; sourceTree = "<group>"; };
		01C706B71C9BEAF50024E94A /* SerializableNilEntitiesTests.swift */ = {isa = PBXFileReference; fileEncoding = 4; lastKnownFileType = sourcecode.swift; path = SerializableNilEntitiesTests.swift; sourceTree = "<group>"; };
		01C706B81C9BEAF50024E94A /* DecodableTests.swift */ = {isa = PBXFileReference; fileEncoding = 4; lastKnownFileType = sourcecode.swift; path = DecodableTests.swift; sourceTree = "<group>"; };
		01C706B91C9BEAF50024E94A /* SerializableEntityTests.swift */ = {isa = PBXFileReference; fileEncoding = 4; lastKnownFileType = sourcecode.swift; path = SerializableEntityTests.swift; sourceTree = "<group>"; };
		01C706BF1C9BEB0C0024E94A /* StringInitializableTest.json */ = {isa = PBXFileReference; fileEncoding = 4; lastKnownFileType = text.json; path = StringInitializableTest.json; sourceTree = "<group>"; };
		01C706C01C9BEB0C0024E94A /* StringInitializableTestModel.swift */ = {isa = PBXFileReference; fileEncoding = 4; lastKnownFileType = sourcecode.swift; path = StringInitializableTestModel.swift; sourceTree = "<group>"; };
		01C706C11C9BEB0C0024E94A /* HexInitializableTest.json */ = {isa = PBXFileReference; fileEncoding = 4; lastKnownFileType = text.json; path = HexInitializableTest.json; sourceTree = "<group>"; };
		01C706C21C9BEB0C0024E94A /* HexInitializableTestModel.swift */ = {isa = PBXFileReference; fileEncoding = 4; lastKnownFileType = sourcecode.swift; path = HexInitializableTestModel.swift; sourceTree = "<group>"; };
		01C706C31C9BEB0C0024E94A /* SerializableEntityTest.json */ = {isa = PBXFileReference; fileEncoding = 4; lastKnownFileType = text.json; path = SerializableEntityTest.json; sourceTree = "<group>"; };
		01C706C41C9BEB0C0024E94A /* SerializableEntityTestModel.swift */ = {isa = PBXFileReference; fileEncoding = 4; lastKnownFileType = sourcecode.swift; path = SerializableEntityTestModel.swift; sourceTree = "<group>"; };
		01C706C51C9BEB0C0024E94A /* SimpleModel.json */ = {isa = PBXFileReference; fileEncoding = 4; lastKnownFileType = text.json; path = SimpleModel.json; sourceTree = "<group>"; };
		01C706C61C9BEB0C0024E94A /* SimpleModel.swift */ = {isa = PBXFileReference; fileEncoding = 4; lastKnownFileType = sourcecode.swift; path = SimpleModel.swift; sourceTree = "<group>"; };
		01C706C71C9BEB0C0024E94A /* DecodableModel.swift */ = {isa = PBXFileReference; fileEncoding = 4; lastKnownFileType = sourcecode.swift; path = DecodableModel.swift; sourceTree = "<group>"; };
		01C706C81C9BEB0C0024E94A /* DecodableTest.json */ = {isa = PBXFileReference; fileEncoding = 4; lastKnownFileType = text.json; path = DecodableTest.json; sourceTree = "<group>"; };
		01F9620C1CC38A52006083C5 /* AlamofireExtension.swift */ = {isa = PBXFileReference; fileEncoding = 4; lastKnownFileType = sourcecode.swift; path = AlamofireExtension.swift; sourceTree = "<group>"; };
		01F9620D1CC38A52006083C5 /* CashierExtension.swift */ = {isa = PBXFileReference; fileEncoding = 4; lastKnownFileType = sourcecode.swift; path = CashierExtension.swift; sourceTree = "<group>"; };
		01F9620E1CC38A52006083C5 /* Extensions.swift */ = {isa = PBXFileReference; fileEncoding = 4; lastKnownFileType = sourcecode.swift; path = Extensions.swift; sourceTree = "<group>"; };
		01F962101CC38A52006083C5 /* Operator.swift */ = {isa = PBXFileReference; fileEncoding = 4; lastKnownFileType = sourcecode.swift; path = Operator.swift; sourceTree = "<group>"; };
		01F962121CC38A52006083C5 /* BridgingBox.swift */ = {isa = PBXFileReference; fileEncoding = 4; lastKnownFileType = sourcecode.swift; path = BridgingBox.swift; sourceTree = "<group>"; };
		01F962131CC38A52006083C5 /* Serpent.swift */ = {isa = PBXFileReference; fileEncoding = 4; lastKnownFileType = sourcecode.swift; path = Serpent.swift; sourceTree = "<group>"; };
		01F962151CC38A52006083C5 /* Info.plist */ = {isa = PBXFileReference; fileEncoding = 4; lastKnownFileType = text.plist.xml; path = Info.plist; sourceTree = "<group>"; };
		01F962161CC38A52006083C5 /* Serpent.h */ = {isa = PBXFileReference; fileEncoding = 4; lastKnownFileType = sourcecode.c.h; path = Serpent.h; sourceTree = "<group>"; };
		272D92661C6DFB5B00BCD3B6 /* CustomOperatorsTests.swift */ = {isa = PBXFileReference; fileEncoding = 4; lastKnownFileType = sourcecode.swift; path = CustomOperatorsTests.swift; sourceTree = "<group>"; };
		272D92671C6DFB5B00BCD3B6 /* SerializableEnumsTests.swift */ = {isa = PBXFileReference; fileEncoding = 4; lastKnownFileType = sourcecode.swift; path = SerializableEnumsTests.swift; sourceTree = "<group>"; };
		272D92681C6DFB5B00BCD3B6 /* SerializablePrimitivesTests.swift */ = {isa = PBXFileReference; fileEncoding = 4; lastKnownFileType = sourcecode.swift; path = SerializablePrimitivesTests.swift; sourceTree = "<group>"; };
		272D926D1C6DFB7300BCD3B6 /* CustomOperatorsTest.json */ = {isa = PBXFileReference; fileEncoding = 4; lastKnownFileType = text.json; path = CustomOperatorsTest.json; sourceTree = "<group>"; };
		272D926E1C6DFB7300BCD3B6 /* CustomOperatorsTestModel.swift */ = {isa = PBXFileReference; fileEncoding = 4; lastKnownFileType = sourcecode.swift; path = CustomOperatorsTestModel.swift; sourceTree = "<group>"; };
		272D926F1C6DFB7300BCD3B6 /* EnumsTest.json */ = {isa = PBXFileReference; fileEncoding = 4; lastKnownFileType = text.json; path = EnumsTest.json; sourceTree = "<group>"; };
		272D92701C6DFB7300BCD3B6 /* EnumsTestModel.swift */ = {isa = PBXFileReference; fileEncoding = 4; lastKnownFileType = sourcecode.swift; path = EnumsTestModel.swift; sourceTree = "<group>"; };
		272D92711C6DFB7300BCD3B6 /* PrimitivesTest.json */ = {isa = PBXFileReference; fileEncoding = 4; lastKnownFileType = text.json; path = PrimitivesTest.json; sourceTree = "<group>"; };
		272D92721C6DFB7300BCD3B6 /* PrimitivesTestModel.swift */ = {isa = PBXFileReference; fileEncoding = 4; lastKnownFileType = sourcecode.swift; path = PrimitivesTestModel.swift; sourceTree = "<group>"; };
		272F1DC61C6A392A0098F620 /* Serpent.framework */ = {isa = PBXFileReference; explicitFileType = wrapper.framework; includeInIndex = 0; path = Serpent.framework; sourceTree = BUILT_PRODUCTS_DIR; };
		272F1DD01C6A392A0098F620 /* SerpentTests.xctest */ = {isa = PBXFileReference; explicitFileType = wrapper.cfbundle; includeInIndex = 0; path = SerpentTests.xctest; sourceTree = BUILT_PRODUCTS_DIR; };
		272F1DD71C6A392A0098F620 /* Info.plist */ = {isa = PBXFileReference; lastKnownFileType = text.plist.xml; path = Info.plist; sourceTree = "<group>"; };
		2732EC8D1C9F21A500BFD4E1 /* Serpent.framework */ = {isa = PBXFileReference; explicitFileType = wrapper.framework; includeInIndex = 0; path = Serpent.framework; sourceTree = BUILT_PRODUCTS_DIR; };
		2732EC9A1C9F21BF00BFD4E1 /* Serpent.framework */ = {isa = PBXFileReference; explicitFileType = wrapper.framework; includeInIndex = 0; path = Serpent.framework; sourceTree = BUILT_PRODUCTS_DIR; };
		2732ECA31C9F21BF00BFD4E1 /* Serpent tvOSTests.xctest */ = {isa = PBXFileReference; explicitFileType = wrapper.cfbundle; includeInIndex = 0; path = "Serpent tvOSTests.xctest"; sourceTree = BUILT_PRODUCTS_DIR; };
		2785B52D1C9DE72E00E40605 /* Serpent.framework */ = {isa = PBXFileReference; explicitFileType = wrapper.framework; includeInIndex = 0; path = Serpent.framework; sourceTree = BUILT_PRODUCTS_DIR; };
		2785B5361C9DE72F00E40605 /* Serpent OSXTests.xctest */ = {isa = PBXFileReference; explicitFileType = wrapper.cfbundle; includeInIndex = 0; path = "Serpent OSXTests.xctest"; sourceTree = BUILT_PRODUCTS_DIR; };
		27B05FCF1C9C3842004F2CCB /* AlamofireExtensionTests.swift */ = {isa = PBXFileReference; fileEncoding = 4; lastKnownFileType = sourcecode.swift; path = AlamofireExtensionTests.swift; sourceTree = "<group>"; };
		27B05FD11C9C3869004F2CCB /* NetworkTestModel.swift */ = {isa = PBXFileReference; fileEncoding = 4; lastKnownFileType = sourcecode.swift; path = NetworkTestModel.swift; sourceTree = "<group>"; };
		830175A01D96E44100B85378 /* ArrayTest.json */ = {isa = PBXFileReference; fileEncoding = 4; lastKnownFileType = text.json; path = ArrayTest.json; sourceTree = "<group>"; };
		830175A11D96E44100B85378 /* Empty.json */ = {isa = PBXFileReference; fileEncoding = 4; lastKnownFileType = text.json; path = Empty.json; sourceTree = "<group>"; };
		830175A21D96E44100B85378 /* NestedArrayTest.json */ = {isa = PBXFileReference; fileEncoding = 4; lastKnownFileType = text.json; path = NestedArrayTest.json; sourceTree = "<group>"; };
		830175AD1D96E8A700B85378 /* NetworkModel.json */ = {isa = PBXFileReference; fileEncoding = 4; lastKnownFileType = text.json; path = NetworkModel.json; sourceTree = "<group>"; };
		830175B31D96E9D000B85378 /* NetworkModelBad.json */ = {isa = PBXFileReference; fileEncoding = 4; lastKnownFileType = text.json; path = NetworkModelBad.json; sourceTree = "<group>"; };
		830175B71D97007300B85378 /* SerializablePerformanceTest.swift */ = {isa = PBXFileReference; fileEncoding = 4; lastKnownFileType = sourcecode.swift; path = SerializablePerformanceTest.swift; sourceTree = "<group>"; };
		830175BB1D97008800B85378 /* PerformanceSmallTest.json */ = {isa = PBXFileReference; fileEncoding = 4; lastKnownFileType = text.json; path = PerformanceSmallTest.json; sourceTree = "<group>"; };
		830175BC1D97008800B85378 /* PerformanceTest.json */ = {isa = PBXFileReference; fileEncoding = 4; lastKnownFileType = text.json; path = PerformanceTest.json; sourceTree = "<group>"; };
		830175BD1D97008800B85378 /* PerformanceTestModel.swift */ = {isa = PBXFileReference; fileEncoding = 4; lastKnownFileType = sourcecode.swift; path = PerformanceTestModel.swift; sourceTree = "<group>"; };
		830175BE1D97008800B85378 /* PerformanceTestSmallModel.swift */ = {isa = PBXFileReference; fileEncoding = 4; lastKnownFileType = sourcecode.swift; path = PerformanceTestSmallModel.swift; sourceTree = "<group>"; };
		830175CB1D97037D00B85378 /* NilTestModel.swift */ = {isa = PBXFileReference; fileEncoding = 4; lastKnownFileType = sourcecode.swift; path = NilTestModel.swift; sourceTree = "<group>"; };
		83F3AFCD1CE92DB300D47725 /* BridgingBoxTests.swift */ = {isa = PBXFileReference; fileEncoding = 4; lastKnownFileType = sourcecode.swift; path = BridgingBoxTests.swift; sourceTree = "<group>"; };
		83F3AFCE1CE92DB300D47725 /* CashierExtensionTests.swift */ = {isa = PBXFileReference; fileEncoding = 4; lastKnownFileType = sourcecode.swift; path = CashierExtensionTests.swift; sourceTree = "<group>"; };
		BDE622DA1F0A344200F22FE9 /* EmbeddedPropertyTestModel.swift */ = {isa = PBXFileReference; lastKnownFileType = sourcecode.swift; path = EmbeddedPropertyTestModel.swift; sourceTree = "<group>"; };
		BDE622DC1F0A34F600F22FE9 /* EmbeddedPropertyTest.json */ = {isa = PBXFileReference; lastKnownFileType = text.json; path = EmbeddedPropertyTest.json; sourceTree = "<group>"; };
		BDE622DE1F0A358700F22FE9 /* EmbeddedPropertyTest.swift */ = {isa = PBXFileReference; lastKnownFileType = sourcecode.swift; path = EmbeddedPropertyTest.swift; sourceTree = "<group>"; };
/* End PBXFileReference section */

/* Begin PBXFrameworksBuildPhase section */
		272F1DC21C6A392A0098F620 /* Frameworks */ = {
			isa = PBXFrameworksBuildPhase;
			buildActionMask = 2147483647;
			files = (
				01BBEFD91DE1D537003AC718 /* Cashier.framework in Frameworks */,
				01BBEFD81DE1D537003AC718 /* Alamofire.framework in Frameworks */,
			);
			runOnlyForDeploymentPostprocessing = 0;
		};
		272F1DCD1C6A392A0098F620 /* Frameworks */ = {
			isa = PBXFrameworksBuildPhase;
			buildActionMask = 2147483647;
			files = (
				272F1DD11C6A392A0098F620 /* Serpent.framework in Frameworks */,
			);
			runOnlyForDeploymentPostprocessing = 0;
		};
		2732EC891C9F21A500BFD4E1 /* Frameworks */ = {
			isa = PBXFrameworksBuildPhase;
			buildActionMask = 2147483647;
			files = (
				01BBEFD71DE1D533003AC718 /* Cashier.framework in Frameworks */,
				01BBEFD61DE1D533003AC718 /* Alamofire.framework in Frameworks */,
			);
			runOnlyForDeploymentPostprocessing = 0;
		};
		2732EC961C9F21BF00BFD4E1 /* Frameworks */ = {
			isa = PBXFrameworksBuildPhase;
			buildActionMask = 2147483647;
			files = (
				01BBEFDB1DE1D540003AC718 /* Cashier.framework in Frameworks */,
				01BBEFDA1DE1D540003AC718 /* Alamofire.framework in Frameworks */,
			);
			runOnlyForDeploymentPostprocessing = 0;
		};
		2732ECA01C9F21BF00BFD4E1 /* Frameworks */ = {
			isa = PBXFrameworksBuildPhase;
			buildActionMask = 2147483647;
			files = (
				2732ECA41C9F21BF00BFD4E1 /* Serpent.framework in Frameworks */,
			);
			runOnlyForDeploymentPostprocessing = 0;
		};
		2785B5291C9DE72E00E40605 /* Frameworks */ = {
			isa = PBXFrameworksBuildPhase;
			buildActionMask = 2147483647;
			files = (
				01BBEFD51DE1D52D003AC718 /* Cashier.framework in Frameworks */,
				01BBEFD41DE1D52D003AC718 /* Alamofire.framework in Frameworks */,
			);
			runOnlyForDeploymentPostprocessing = 0;
		};
		2785B5331C9DE72F00E40605 /* Frameworks */ = {
			isa = PBXFrameworksBuildPhase;
			buildActionMask = 2147483647;
			files = (
				2785B5371C9DE72F00E40605 /* Serpent.framework in Frameworks */,
			);
			runOnlyForDeploymentPostprocessing = 0;
		};
/* End PBXFrameworksBuildPhase section */

/* Begin PBXGroup section */
		01BBEFB01DE1D50E003AC718 /* tvOS */ = {
			isa = PBXGroup;
			children = (
				01BBEFB31DE1D50E003AC718 /* Alamofire.framework */,
				01BBEFB61DE1D50F003AC718 /* Cashier.framework */,
			);
			path = tvOS;
			sourceTree = "<group>";
		};
		01BBEFB91DE1D50F003AC718 /* iOS */ = {
			isa = PBXGroup;
			children = (
				01BBEFBE1DE1D50F003AC718 /* Alamofire.framework */,
				01BBEFC11DE1D50F003AC718 /* Cashier.framework */,
			);
			path = iOS;
			sourceTree = "<group>";
		};
		01BBEFC61DE1D50F003AC718 /* watchOS */ = {
			isa = PBXGroup;
			children = (
				01BBEFCB1DE1D50F003AC718 /* Alamofire.framework */,
				01BBEFCD1DE1D50F003AC718 /* Cashier.framework */,
			);
			path = watchOS;
			sourceTree = "<group>";
		};
		01BBEFCF1DE1D50F003AC718 /* Mac */ = {
			isa = PBXGroup;
			children = (
				01BBEFD01DE1D50F003AC718 /* Alamofire.framework */,
				01BBEFD21DE1D50F003AC718 /* Cashier.framework */,
			);
			path = Mac;
			sourceTree = "<group>";
		};
		01F9620A1CC38A52006083C5 /* Classes */ = {
			isa = PBXGroup;
			children = (
				01F962131CC38A52006083C5 /* Serpent.swift */,
				01F9620B1CC38A52006083C5 /* Extensions */,
				01F9620F1CC38A52006083C5 /* Operators */,
				01F962111CC38A52006083C5 /* Other */,
			);
			path = Classes;
			sourceTree = "<group>";
		};
		01F9620B1CC38A52006083C5 /* Extensions */ = {
			isa = PBXGroup;
			children = (
				01F9620C1CC38A52006083C5 /* AlamofireExtension.swift */,
				01F9620D1CC38A52006083C5 /* CashierExtension.swift */,
				01F9620E1CC38A52006083C5 /* Extensions.swift */,
			);
			path = Extensions;
			sourceTree = "<group>";
		};
		01F9620F1CC38A52006083C5 /* Operators */ = {
			isa = PBXGroup;
			children = (
				01F962101CC38A52006083C5 /* Operator.swift */,
			);
			path = Operators;
			sourceTree = "<group>";
		};
		01F962111CC38A52006083C5 /* Other */ = {
			isa = PBXGroup;
			children = (
				01F962121CC38A52006083C5 /* BridgingBox.swift */,
			);
			path = Other;
			sourceTree = "<group>";
		};
		01F962141CC38A52006083C5 /* Supporting Files */ = {
			isa = PBXGroup;
			children = (
				01F962151CC38A52006083C5 /* Info.plist */,
				01F962161CC38A52006083C5 /* Serpent.h */,
			);
			path = "Supporting Files";
			sourceTree = "<group>";
		};
		272D926C1C6DFB7300BCD3B6 /* Models */ = {
			isa = PBXGroup;
			children = (
				830175BB1D97008800B85378 /* PerformanceSmallTest.json */,
				830175BC1D97008800B85378 /* PerformanceTest.json */,
				830175BD1D97008800B85378 /* PerformanceTestModel.swift */,
				830175BE1D97008800B85378 /* PerformanceTestSmallModel.swift */,
				272D926D1C6DFB7300BCD3B6 /* CustomOperatorsTest.json */,
				272D926E1C6DFB7300BCD3B6 /* CustomOperatorsTestModel.swift */,
				272D926F1C6DFB7300BCD3B6 /* EnumsTest.json */,
				272D92701C6DFB7300BCD3B6 /* EnumsTestModel.swift */,
				272D92711C6DFB7300BCD3B6 /* PrimitivesTest.json */,
				272D92721C6DFB7300BCD3B6 /* PrimitivesTestModel.swift */,
				01C706BF1C9BEB0C0024E94A /* StringInitializableTest.json */,
				01C706C01C9BEB0C0024E94A /* StringInitializableTestModel.swift */,
				01C706C11C9BEB0C0024E94A /* HexInitializableTest.json */,
				01C706C21C9BEB0C0024E94A /* HexInitializableTestModel.swift */,
				01C706C31C9BEB0C0024E94A /* SerializableEntityTest.json */,
				01C706C41C9BEB0C0024E94A /* SerializableEntityTestModel.swift */,
				01C706C51C9BEB0C0024E94A /* SimpleModel.json */,
				01C706C61C9BEB0C0024E94A /* SimpleModel.swift */,
				01C706C71C9BEB0C0024E94A /* DecodableModel.swift */,
				01C706C81C9BEB0C0024E94A /* DecodableTest.json */,
				27B05FD11C9C3869004F2CCB /* NetworkTestModel.swift */,
				830175CB1D97037D00B85378 /* NilTestModel.swift */,
				BDE622DA1F0A344200F22FE9 /* EmbeddedPropertyTestModel.swift */,
				BDE622DC1F0A34F600F22FE9 /* EmbeddedPropertyTest.json */,
			);
			path = Models;
			sourceTree = "<group>";
		};
		272D927B1C6DFF2A00BCD3B6 /* Tests */ = {
			isa = PBXGroup;
			children = (
				8301759F1D96E44100B85378 /* TestEndpoint */,
				272D92661C6DFB5B00BCD3B6 /* CustomOperatorsTests.swift */,
				272D92671C6DFB5B00BCD3B6 /* SerializableEnumsTests.swift */,
				272D92681C6DFB5B00BCD3B6 /* SerializablePrimitivesTests.swift */,
				01C706B51C9BEAF50024E94A /* StringInitializableTests.swift */,
				01C706B61C9BEAF50024E94A /* HexInitalizableTests.swift */,
				01C706B71C9BEAF50024E94A /* SerializableNilEntitiesTests.swift */,
				01C706B81C9BEAF50024E94A /* DecodableTests.swift */,
				01C706B91C9BEAF50024E94A /* SerializableEntityTests.swift */,
				27B05FCF1C9C3842004F2CCB /* AlamofireExtensionTests.swift */,
				83F3AFCD1CE92DB300D47725 /* BridgingBoxTests.swift */,
				830175B71D97007300B85378 /* SerializablePerformanceTest.swift */,
				83F3AFCE1CE92DB300D47725 /* CashierExtensionTests.swift */,
				BDE622DE1F0A358700F22FE9 /* EmbeddedPropertyTest.swift */,
			);
			path = Tests;
			sourceTree = "<group>";
		};
		272F1DBC1C6A392A0098F620 = {
			isa = PBXGroup;
			children = (
				272F1DC81C6A392A0098F620 /* Serpent */,
				272F1DD41C6A392A0098F620 /* SerpentTests */,
				272F1E581C6A4F9D0098F620 /* Frameworks */,
				272F1DC71C6A392A0098F620 /* Products */,
			);
			sourceTree = "<group>";
		};
		272F1DC71C6A392A0098F620 /* Products */ = {
			isa = PBXGroup;
			children = (
				272F1DC61C6A392A0098F620 /* Serpent.framework */,
				272F1DD01C6A392A0098F620 /* SerpentTests.xctest */,
				2785B52D1C9DE72E00E40605 /* Serpent.framework */,
				2785B5361C9DE72F00E40605 /* Serpent OSXTests.xctest */,
				2732EC8D1C9F21A500BFD4E1 /* Serpent.framework */,
				2732EC9A1C9F21BF00BFD4E1 /* Serpent.framework */,
				2732ECA31C9F21BF00BFD4E1 /* Serpent tvOSTests.xctest */,
			);
			name = Products;
			sourceTree = "<group>";
		};
		272F1DC81C6A392A0098F620 /* Serpent */ = {
			isa = PBXGroup;
			children = (
				01F9620A1CC38A52006083C5 /* Classes */,
				01F962141CC38A52006083C5 /* Supporting Files */,
			);
			path = Serpent;
			sourceTree = "<group>";
		};
		272F1DD41C6A392A0098F620 /* SerpentTests */ = {
			isa = PBXGroup;
			children = (
				272D926C1C6DFB7300BCD3B6 /* Models */,
				272D927B1C6DFF2A00BCD3B6 /* Tests */,
				272F1DD71C6A392A0098F620 /* Info.plist */,
			);
			path = SerpentTests;
			sourceTree = "<group>";
		};
		272F1E581C6A4F9D0098F620 /* Frameworks */ = {
			isa = PBXGroup;
			children = (
				01BBEFB01DE1D50E003AC718 /* tvOS */,
				01BBEFB91DE1D50F003AC718 /* iOS */,
				01BBEFC61DE1D50F003AC718 /* watchOS */,
				01BBEFCF1DE1D50F003AC718 /* Mac */,
			);
			name = Frameworks;
			path = ../Carthage/Build;
			sourceTree = "<group>";
		};
		8301759F1D96E44100B85378 /* TestEndpoint */ = {
			isa = PBXGroup;
			children = (
				830175AD1D96E8A700B85378 /* NetworkModel.json */,
				830175A01D96E44100B85378 /* ArrayTest.json */,
				0124E1101F2803CB00FCD29C /* ArrayTestOneObject.json */,
				016C123F1F28065D00A4FCED /* BadArrayTest.json */,
				830175A11D96E44100B85378 /* Empty.json */,
				830175A21D96E44100B85378 /* NestedArrayTest.json */,
				830175B31D96E9D000B85378 /* NetworkModelBad.json */,
			);
			name = TestEndpoint;
			path = SerpentTests/TestEndpoint;
			sourceTree = SOURCE_ROOT;
		};
/* End PBXGroup section */

/* Begin PBXHeadersBuildPhase section */
		272F1DC31C6A392A0098F620 /* Headers */ = {
			isa = PBXHeadersBuildPhase;
			buildActionMask = 2147483647;
			files = (
				01F962371CC38A52006083C5 /* Serpent.h in Headers */,
			);
			runOnlyForDeploymentPostprocessing = 0;
		};
		2732EC8A1C9F21A500BFD4E1 /* Headers */ = {
			isa = PBXHeadersBuildPhase;
			buildActionMask = 2147483647;
			files = (
				01F9624E1CC38AC2006083C5 /* Serpent.h in Headers */,
			);
			runOnlyForDeploymentPostprocessing = 0;
		};
		2732EC971C9F21BF00BFD4E1 /* Headers */ = {
			isa = PBXHeadersBuildPhase;
			buildActionMask = 2147483647;
			files = (
				01F9624D1CC38ABC006083C5 /* Serpent.h in Headers */,
			);
			runOnlyForDeploymentPostprocessing = 0;
		};
		2785B52A1C9DE72E00E40605 /* Headers */ = {
			isa = PBXHeadersBuildPhase;
			buildActionMask = 2147483647;
			files = (
				01F9624C1CC38AB7006083C5 /* Serpent.h in Headers */,
			);
			runOnlyForDeploymentPostprocessing = 0;
		};
/* End PBXHeadersBuildPhase section */

/* Begin PBXNativeTarget section */
		272F1DC51C6A392A0098F620 /* Serpent iOS */ = {
			isa = PBXNativeTarget;
			buildConfigurationList = 272F1DDA1C6A392A0098F620 /* Build configuration list for PBXNativeTarget "Serpent iOS" */;
			buildPhases = (
				272F1DC11C6A392A0098F620 /* Sources */,
				272F1DC21C6A392A0098F620 /* Frameworks */,
				272F1DC31C6A392A0098F620 /* Headers */,
				272F1DC41C6A392A0098F620 /* Resources */,
			);
			buildRules = (
			);
			dependencies = (
			);
			name = "Serpent iOS";
			productName = Serializable;
			productReference = 272F1DC61C6A392A0098F620 /* Serpent.framework */;
			productType = "com.apple.product-type.framework";
		};
		272F1DCF1C6A392A0098F620 /* SerpentTests */ = {
			isa = PBXNativeTarget;
			buildConfigurationList = 272F1DDD1C6A392A0098F620 /* Build configuration list for PBXNativeTarget "SerpentTests" */;
			buildPhases = (
				272F1DCC1C6A392A0098F620 /* Sources */,
				272F1DCD1C6A392A0098F620 /* Frameworks */,
				272F1DCE1C6A392A0098F620 /* Resources */,
			);
			buildRules = (
			);
			dependencies = (
				272F1DD31C6A392A0098F620 /* PBXTargetDependency */,
			);
			name = SerpentTests;
			productName = SerializableTests;
			productReference = 272F1DD01C6A392A0098F620 /* SerpentTests.xctest */;
			productType = "com.apple.product-type.bundle.unit-test";
		};
		2732EC8C1C9F21A500BFD4E1 /* Serpent watchOS */ = {
			isa = PBXNativeTarget;
			buildConfigurationList = 2732EC921C9F21A500BFD4E1 /* Build configuration list for PBXNativeTarget "Serpent watchOS" */;
			buildPhases = (
				2732EC881C9F21A500BFD4E1 /* Sources */,
				2732EC891C9F21A500BFD4E1 /* Frameworks */,
				2732EC8A1C9F21A500BFD4E1 /* Headers */,
				2732EC8B1C9F21A500BFD4E1 /* Resources */,
			);
			buildRules = (
			);
			dependencies = (
			);
			name = "Serpent watchOS";
			productName = "Serializable watchOS";
			productReference = 2732EC8D1C9F21A500BFD4E1 /* Serpent.framework */;
			productType = "com.apple.product-type.framework";
		};
		2732EC991C9F21BF00BFD4E1 /* Serpent tvOS */ = {
			isa = PBXNativeTarget;
			buildConfigurationList = 2732ECAB1C9F21BF00BFD4E1 /* Build configuration list for PBXNativeTarget "Serpent tvOS" */;
			buildPhases = (
				2732EC951C9F21BF00BFD4E1 /* Sources */,
				2732EC961C9F21BF00BFD4E1 /* Frameworks */,
				2732EC971C9F21BF00BFD4E1 /* Headers */,
				2732EC981C9F21BF00BFD4E1 /* Resources */,
			);
			buildRules = (
			);
			dependencies = (
			);
			name = "Serpent tvOS";
			productName = "Serializable tvOS";
			productReference = 2732EC9A1C9F21BF00BFD4E1 /* Serpent.framework */;
			productType = "com.apple.product-type.framework";
		};
		2732ECA21C9F21BF00BFD4E1 /* Serpent tvOSTests */ = {
			isa = PBXNativeTarget;
			buildConfigurationList = 2732ECAE1C9F21BF00BFD4E1 /* Build configuration list for PBXNativeTarget "Serpent tvOSTests" */;
			buildPhases = (
				2732EC9F1C9F21BF00BFD4E1 /* Sources */,
				2732ECA01C9F21BF00BFD4E1 /* Frameworks */,
				2732ECA11C9F21BF00BFD4E1 /* Resources */,
			);
			buildRules = (
			);
			dependencies = (
				2732ECA61C9F21BF00BFD4E1 /* PBXTargetDependency */,
			);
			name = "Serpent tvOSTests";
			productName = "Serializable tvOSTests";
			productReference = 2732ECA31C9F21BF00BFD4E1 /* Serpent tvOSTests.xctest */;
			productType = "com.apple.product-type.bundle.unit-test";
		};
		2785B52C1C9DE72E00E40605 /* Serpent OSX */ = {
			isa = PBXNativeTarget;
			buildConfigurationList = 2785B5421C9DE72F00E40605 /* Build configuration list for PBXNativeTarget "Serpent OSX" */;
			buildPhases = (
				2785B5281C9DE72E00E40605 /* Sources */,
				2785B5291C9DE72E00E40605 /* Frameworks */,
				2785B52A1C9DE72E00E40605 /* Headers */,
				2785B52B1C9DE72E00E40605 /* Resources */,
			);
			buildRules = (
			);
			dependencies = (
			);
			name = "Serpent OSX";
			productName = "Serializable OSX";
			productReference = 2785B52D1C9DE72E00E40605 /* Serpent.framework */;
			productType = "com.apple.product-type.framework";
		};
		2785B5351C9DE72F00E40605 /* Serpent OSXTests */ = {
			isa = PBXNativeTarget;
			buildConfigurationList = 2785B5431C9DE72F00E40605 /* Build configuration list for PBXNativeTarget "Serpent OSXTests" */;
			buildPhases = (
				2785B5321C9DE72F00E40605 /* Sources */,
				2785B5331C9DE72F00E40605 /* Frameworks */,
				2785B5341C9DE72F00E40605 /* Resources */,
			);
			buildRules = (
			);
			dependencies = (
				2785B5391C9DE72F00E40605 /* PBXTargetDependency */,
			);
			name = "Serpent OSXTests";
			productName = "Serializable OSXTests";
			productReference = 2785B5361C9DE72F00E40605 /* Serpent OSXTests.xctest */;
			productType = "com.apple.product-type.bundle.unit-test";
		};
/* End PBXNativeTarget section */

/* Begin PBXProject section */
		272F1DBD1C6A392A0098F620 /* Project object */ = {
			isa = PBXProject;
			attributes = {
				LastSwiftUpdateCheck = 0720;
				LastUpgradeCheck = 0900;
				ORGANIZATIONNAME = Nodes;
				TargetAttributes = {
					272F1DC51C6A392A0098F620 = {
						CreatedOnToolsVersion = 7.2.1;
						LastSwiftMigration = 0900;
					};
					272F1DCF1C6A392A0098F620 = {
						CreatedOnToolsVersion = 7.2.1;
						LastSwiftMigration = 0900;
					};
					2732EC8C1C9F21A500BFD4E1 = {
						CreatedOnToolsVersion = 7.2.1;
						LastSwiftMigration = 0800;
					};
					2732EC991C9F21BF00BFD4E1 = {
						CreatedOnToolsVersion = 7.2.1;
						LastSwiftMigration = 0800;
					};
					2732ECA21C9F21BF00BFD4E1 = {
						CreatedOnToolsVersion = 7.2.1;
						LastSwiftMigration = 0800;
					};
					2785B52C1C9DE72E00E40605 = {
						CreatedOnToolsVersion = 7.2.1;
						LastSwiftMigration = 0800;
					};
					2785B5351C9DE72F00E40605 = {
						CreatedOnToolsVersion = 7.2.1;
						LastSwiftMigration = 0800;
					};
				};
			};
			buildConfigurationList = 272F1DC01C6A392A0098F620 /* Build configuration list for PBXProject "Serpent" */;
			compatibilityVersion = "Xcode 3.2";
			developmentRegion = English;
			hasScannedForEncodings = 0;
			knownRegions = (
				en,
			);
			mainGroup = 272F1DBC1C6A392A0098F620;
			productRefGroup = 272F1DC71C6A392A0098F620 /* Products */;
			projectDirPath = "";
			projectRoot = "";
			targets = (
				272F1DC51C6A392A0098F620 /* Serpent iOS */,
				272F1DCF1C6A392A0098F620 /* SerpentTests */,
				2785B52C1C9DE72E00E40605 /* Serpent OSX */,
				2785B5351C9DE72F00E40605 /* Serpent OSXTests */,
				2732EC991C9F21BF00BFD4E1 /* Serpent tvOS */,
				2732ECA21C9F21BF00BFD4E1 /* Serpent tvOSTests */,
				2732EC8C1C9F21A500BFD4E1 /* Serpent watchOS */,
			);
		};
/* End PBXProject section */

/* Begin PBXResourcesBuildPhase section */
		272F1DC41C6A392A0098F620 /* Resources */ = {
			isa = PBXResourcesBuildPhase;
			buildActionMask = 2147483647;
			files = (
			);
			runOnlyForDeploymentPostprocessing = 0;
		};
		272F1DCE1C6A392A0098F620 /* Resources */ = {
			isa = PBXResourcesBuildPhase;
			buildActionMask = 2147483647;
			files = (
				01C706C91C9BEB0C0024E94A /* StringInitializableTest.json in Resources */,
				830175A31D96E44100B85378 /* ArrayTest.json in Resources */,
				830175A91D96E44100B85378 /* NestedArrayTest.json in Resources */,
				01C706CD1C9BEB0C0024E94A /* SerializableEntityTest.json in Resources */,
				01C706CB1C9BEB0C0024E94A /* HexInitializableTest.json in Resources */,
				830175BF1D97008800B85378 /* PerformanceSmallTest.json in Resources */,
				272D92751C6DFB7300BCD3B6 /* EnumsTest.json in Resources */,
				0124E1111F2803CB00FCD29C /* ArrayTestOneObject.json in Resources */,
				016C12401F28065D00A4FCED /* BadArrayTest.json in Resources */,
				272D92771C6DFB7300BCD3B6 /* PrimitivesTest.json in Resources */,
				01C706D21C9BEB0C0024E94A /* DecodableTest.json in Resources */,
				BDE622DD1F0A34F600F22FE9 /* EmbeddedPropertyTest.json in Resources */,
				830175B41D96E9D000B85378 /* NetworkModelBad.json in Resources */,
				01C706CF1C9BEB0C0024E94A /* SimpleModel.json in Resources */,
				830175A61D96E44100B85378 /* Empty.json in Resources */,
				272D92731C6DFB7300BCD3B6 /* CustomOperatorsTest.json in Resources */,
				830175AE1D96E8A700B85378 /* NetworkModel.json in Resources */,
				830175C21D97008800B85378 /* PerformanceTest.json in Resources */,
			);
			runOnlyForDeploymentPostprocessing = 0;
		};
		2732EC8B1C9F21A500BFD4E1 /* Resources */ = {
			isa = PBXResourcesBuildPhase;
			buildActionMask = 2147483647;
			files = (
			);
			runOnlyForDeploymentPostprocessing = 0;
		};
		2732EC981C9F21BF00BFD4E1 /* Resources */ = {
			isa = PBXResourcesBuildPhase;
			buildActionMask = 2147483647;
			files = (
			);
			runOnlyForDeploymentPostprocessing = 0;
		};
		2732ECA11C9F21BF00BFD4E1 /* Resources */ = {
			isa = PBXResourcesBuildPhase;
			buildActionMask = 2147483647;
			files = (
				2732ECD11C9F2A4D00BFD4E1 /* CustomOperatorsTest.json in Resources */,
				830175A51D96E44100B85378 /* ArrayTest.json in Resources */,
				830175AB1D96E44100B85378 /* NestedArrayTest.json in Resources */,
				2732ECD21C9F2A4D00BFD4E1 /* EnumsTest.json in Resources */,
				2732ECD31C9F2A4D00BFD4E1 /* PrimitivesTest.json in Resources */,
				830175C11D97008800B85378 /* PerformanceSmallTest.json in Resources */,
				2732ECD41C9F2A4D00BFD4E1 /* StringInitializableTest.json in Resources */,
				0124E1131F2803CB00FCD29C /* ArrayTestOneObject.json in Resources */,
				016C12421F28065D00A4FCED /* BadArrayTest.json in Resources */,
				2732ECD51C9F2A4D00BFD4E1 /* HexInitializableTest.json in Resources */,
				2732ECD61C9F2A4D00BFD4E1 /* SerializableEntityTest.json in Resources */,
				830175B61D96E9D000B85378 /* NetworkModelBad.json in Resources */,
				2732ECD71C9F2A4D00BFD4E1 /* SimpleModel.json in Resources */,
				830175A81D96E44100B85378 /* Empty.json in Resources */,
				2732ECD81C9F2A4D00BFD4E1 /* DecodableTest.json in Resources */,
				830175B01D96E8A700B85378 /* NetworkModel.json in Resources */,
				830175C41D97008800B85378 /* PerformanceTest.json in Resources */,
			);
			runOnlyForDeploymentPostprocessing = 0;
		};
		2785B52B1C9DE72E00E40605 /* Resources */ = {
			isa = PBXResourcesBuildPhase;
			buildActionMask = 2147483647;
			files = (
			);
			runOnlyForDeploymentPostprocessing = 0;
		};
		2785B5341C9DE72F00E40605 /* Resources */ = {
			isa = PBXResourcesBuildPhase;
			buildActionMask = 2147483647;
			files = (
				830175AF1D96E8A700B85378 /* NetworkModel.json in Resources */,
				2785B5601C9DE9A400E40605 /* CustomOperatorsTest.json in Resources */,
				2785B5611C9DE9A400E40605 /* EnumsTest.json in Resources */,
				830175A41D96E44100B85378 /* ArrayTest.json in Resources */,
				830175C01D97008800B85378 /* PerformanceSmallTest.json in Resources */,
				830175B51D96E9D000B85378 /* NetworkModelBad.json in Resources */,
				2785B5621C9DE9A400E40605 /* PrimitivesTest.json in Resources */,
				0124E1121F2803CB00FCD29C /* ArrayTestOneObject.json in Resources */,
				016C12411F28065D00A4FCED /* BadArrayTest.json in Resources */,
				830175AA1D96E44100B85378 /* NestedArrayTest.json in Resources */,
				830175C31D97008800B85378 /* PerformanceTest.json in Resources */,
				2785B5631C9DE9A400E40605 /* StringInitializableTest.json in Resources */,
				830175A71D96E44100B85378 /* Empty.json in Resources */,
				2785B5651C9DE9A400E40605 /* SerializableEntityTest.json in Resources */,
				2785B5661C9DE9A400E40605 /* SimpleModel.json in Resources */,
				2785B5671C9DE9A400E40605 /* DecodableTest.json in Resources */,
				2732ECDD1C9F44EB00BFD4E1 /* HexInitializableTest.json in Resources */,
			);
			runOnlyForDeploymentPostprocessing = 0;
		};
/* End PBXResourcesBuildPhase section */

/* Begin PBXSourcesBuildPhase section */
		272F1DC11C6A392A0098F620 /* Sources */ = {
			isa = PBXSourcesBuildPhase;
			buildActionMask = 2147483647;
			files = (
				01F962351CC38A52006083C5 /* Serpent.swift in Sources */,
				01F962301CC38A52006083C5 /* AlamofireExtension.swift in Sources */,
				01F962331CC38A52006083C5 /* Operator.swift in Sources */,
				01F962321CC38A52006083C5 /* Extensions.swift in Sources */,
				01F962341CC38A52006083C5 /* BridgingBox.swift in Sources */,
				01F962311CC38A52006083C5 /* CashierExtension.swift in Sources */,
			);
			runOnlyForDeploymentPostprocessing = 0;
		};
		272F1DCC1C6A392A0098F620 /* Sources */ = {
			isa = PBXSourcesBuildPhase;
			buildActionMask = 2147483647;
			files = (
				832C2FD01EB36D0300217E79 /* SerializableEntityTests.swift in Sources */,
				832C2FCA1EB36D0300217E79 /* SerializableEnumsTests.swift in Sources */,
				832C2FD21EB36D0300217E79 /* BridgingBoxTests.swift in Sources */,
				832C2FCD1EB36D0300217E79 /* HexInitalizableTests.swift in Sources */,
				832C2FC61EB36D0300217E79 /* DecodableModel.swift in Sources */,
				832C2FD31EB36D0300217E79 /* CashierExtensionTests.swift in Sources */,
				832C2FC01EB36D0300217E79 /* EnumsTestModel.swift in Sources */,
				832C2FC51EB36D0300217E79 /* SimpleModel.swift in Sources */,
				832C2FC31EB36D0300217E79 /* HexInitializableTestModel.swift in Sources */,
				832C2FCC1EB36D0300217E79 /* StringInitializableTests.swift in Sources */,
				832C2FBF1EB36D0300217E79 /* CustomOperatorsTestModel.swift in Sources */,
				832C2FCB1EB36D0300217E79 /* SerializablePrimitivesTests.swift in Sources */,
				830175C51D97008800B85378 /* PerformanceTestModel.swift in Sources */,
				832C2FC21EB36D0300217E79 /* StringInitializableTestModel.swift in Sources */,
				832C2FC81EB36D0300217E79 /* NilTestModel.swift in Sources */,
				83F3AFCF1CE92DB300D47725 /* BridgingBoxTests.swift in Sources */,
				BDE622DF1F0A358700F22FE9 /* EmbeddedPropertyTest.swift in Sources */,
				272D92741C6DFB7300BCD3B6 /* CustomOperatorsTestModel.swift in Sources */,
				01C706D01C9BEB0C0024E94A /* SimpleModel.swift in Sources */,
				830175B81D97007300B85378 /* SerializablePerformanceTest.swift in Sources */,
				832C2FCF1EB36D0300217E79 /* DecodableTests.swift in Sources */,
				832C2FC71EB36D0300217E79 /* NetworkTestModel.swift in Sources */,
				830175C81D97008800B85378 /* PerformanceTestSmallModel.swift in Sources */,
				832C2FCE1EB36D0300217E79 /* SerializableNilEntitiesTests.swift in Sources */,
				832C2FC91EB36D0300217E79 /* CustomOperatorsTests.swift in Sources */,
				832C2FD11EB36D0300217E79 /* AlamofireExtensionTests.swift in Sources */,
				832C2FC11EB36D0300217E79 /* PrimitivesTestModel.swift in Sources */,
				27B05FD01C9C3842004F2CCB /* AlamofireExtensionTests.swift in Sources */,
				01C706CE1C9BEB0C0024E94A /* SerializableEntityTestModel.swift in Sources */,
				BDE622DB1F0A344200F22FE9 /* EmbeddedPropertyTestModel.swift in Sources */,
			);
			runOnlyForDeploymentPostprocessing = 0;
		};
		2732EC881C9F21A500BFD4E1 /* Sources */ = {
			isa = PBXSourcesBuildPhase;
			buildActionMask = 2147483647;
			files = (
				01CD3F901D06F2E90044887E /* CashierExtension.swift in Sources */,
				01CD3F911D06F2E90044887E /* BridgingBox.swift in Sources */,
				01F962571CC38BCA006083C5 /* AlamofireExtension.swift in Sources */,
				01F962591CC38BCA006083C5 /* Extensions.swift in Sources */,
				01F962561CC38BCA006083C5 /* Serpent.swift in Sources */,
				01F962521CC38BBE006083C5 /* Operator.swift in Sources */,
			);
			runOnlyForDeploymentPostprocessing = 0;
		};
		2732EC951C9F21BF00BFD4E1 /* Sources */ = {
			isa = PBXSourcesBuildPhase;
			buildActionMask = 2147483647;
			files = (
				01CD3F921D06F2F30044887E /* CashierExtension.swift in Sources */,
				01CD3F931D06F2F30044887E /* BridgingBox.swift in Sources */,
				01F9625B1CC38BCA006083C5 /* AlamofireExtension.swift in Sources */,
				01F9625D1CC38BCA006083C5 /* Extensions.swift in Sources */,
				01F9625A1CC38BCA006083C5 /* Serpent.swift in Sources */,
				01F962511CC38BBD006083C5 /* Operator.swift in Sources */,
			);
			runOnlyForDeploymentPostprocessing = 0;
		};
		2732EC9F1C9F21BF00BFD4E1 /* Sources */ = {
			isa = PBXSourcesBuildPhase;
			buildActionMask = 2147483647;
			files = (
				2732ECBF1C9F2A3600BFD4E1 /* CustomOperatorsTestModel.swift in Sources */,
				01CD3F9D1D0705CF0044887E /* CashierExtensionTests.swift in Sources */,
				2732ECC01C9F2A3600BFD4E1 /* EnumsTestModel.swift in Sources */,
				2732ECC11C9F2A3600BFD4E1 /* PrimitivesTestModel.swift in Sources */,
				2732ECC21C9F2A3600BFD4E1 /* StringInitializableTestModel.swift in Sources */,
				2732ECC31C9F2A3600BFD4E1 /* HexInitializableTestModel.swift in Sources */,
				830175C71D97008800B85378 /* PerformanceTestModel.swift in Sources */,
				2732ECC41C9F2A3600BFD4E1 /* SerializableEntityTestModel.swift in Sources */,
				2732ECC51C9F2A3600BFD4E1 /* SimpleModel.swift in Sources */,
				2732ECC61C9F2A3600BFD4E1 /* DecodableModel.swift in Sources */,
				2732ECC71C9F2A3600BFD4E1 /* NetworkTestModel.swift in Sources */,
				2732ECC81C9F2A3600BFD4E1 /* CustomOperatorsTests.swift in Sources */,
				830175BA1D97007300B85378 /* SerializablePerformanceTest.swift in Sources */,
				2732ECC91C9F2A3600BFD4E1 /* SerializableEnumsTests.swift in Sources */,
				2732ECCA1C9F2A3600BFD4E1 /* SerializablePrimitivesTests.swift in Sources */,
				2732ECCB1C9F2A3600BFD4E1 /* StringInitializableTests.swift in Sources */,
				2732ECCC1C9F2A3600BFD4E1 /* HexInitalizableTests.swift in Sources */,
				830175CE1D97037D00B85378 /* NilTestModel.swift in Sources */,
				2732ECCD1C9F2A3600BFD4E1 /* SerializableNilEntitiesTests.swift in Sources */,
				2732ECCE1C9F2A3600BFD4E1 /* DecodableTests.swift in Sources */,
				2732ECCF1C9F2A3600BFD4E1 /* SerializableEntityTests.swift in Sources */,
				830175CA1D97008800B85378 /* PerformanceTestSmallModel.swift in Sources */,
				2732ECD01C9F2A3600BFD4E1 /* AlamofireExtensionTests.swift in Sources */,
				01CD3F9E1D0705D20044887E /* BridgingBoxTests.swift in Sources */,
			);
			runOnlyForDeploymentPostprocessing = 0;
		};
		2785B5281C9DE72E00E40605 /* Sources */ = {
			isa = PBXSourcesBuildPhase;
			buildActionMask = 2147483647;
			files = (
				01CD3F941D06F2F70044887E /* CashierExtension.swift in Sources */,
				01CD3F951D06F2F70044887E /* BridgingBox.swift in Sources */,
				01F9625F1CC38BCB006083C5 /* AlamofireExtension.swift in Sources */,
				01F962611CC38BCB006083C5 /* Extensions.swift in Sources */,
				01F9625E1CC38BCB006083C5 /* Serpent.swift in Sources */,
				01F962501CC38BBD006083C5 /* Operator.swift in Sources */,
			);
			runOnlyForDeploymentPostprocessing = 0;
		};
		2785B5321C9DE72F00E40605 /* Sources */ = {
			isa = PBXSourcesBuildPhase;
			buildActionMask = 2147483647;
			files = (
				2785B54C1C9DE98000E40605 /* EnumsTestModel.swift in Sources */,
				01CD3F9C1D0705CF0044887E /* CashierExtensionTests.swift in Sources */,
				2732ECDE1C9F44EE00BFD4E1 /* HexInitalizableTests.swift in Sources */,
				2785B54D1C9DE98000E40605 /* PrimitivesTestModel.swift in Sources */,
				2785B54E1C9DE98000E40605 /* StringInitializableTestModel.swift in Sources */,
				2785B5501C9DE98000E40605 /* SerializableEntityTestModel.swift in Sources */,
				830175C61D97008800B85378 /* PerformanceTestModel.swift in Sources */,
				2785B5511C9DE98000E40605 /* SimpleModel.swift in Sources */,
				2785B5521C9DE98000E40605 /* DecodableModel.swift in Sources */,
				2785B5531C9DE98000E40605 /* NetworkTestModel.swift in Sources */,
				2785B5541C9DE98000E40605 /* CustomOperatorsTests.swift in Sources */,
				27D9ED911C9F202600EB2B49 /* AlamofireExtensionTests.swift in Sources */,
				830175B91D97007300B85378 /* SerializablePerformanceTest.swift in Sources */,
				2785B5551C9DE98000E40605 /* SerializableEnumsTests.swift in Sources */,
				2785B5561C9DE98000E40605 /* SerializablePrimitivesTests.swift in Sources */,
				2785B5571C9DE98000E40605 /* StringInitializableTests.swift in Sources */,
				2785B5591C9DE98000E40605 /* SerializableNilEntitiesTests.swift in Sources */,
				830175CD1D97037D00B85378 /* NilTestModel.swift in Sources */,
				2785B55A1C9DE98000E40605 /* DecodableTests.swift in Sources */,
				2732ECDC1C9F44E800BFD4E1 /* HexInitializableTestModel.swift in Sources */,
				27D9ED7B1C9F1DD500EB2B49 /* CustomOperatorsTestModel.swift in Sources */,
				830175C91D97008800B85378 /* PerformanceTestSmallModel.swift in Sources */,
				2785B55B1C9DE98000E40605 /* SerializableEntityTests.swift in Sources */,
				01CD3F9F1D0705D20044887E /* BridgingBoxTests.swift in Sources */,
			);
			runOnlyForDeploymentPostprocessing = 0;
		};
/* End PBXSourcesBuildPhase section */

/* Begin PBXTargetDependency section */
		272F1DD31C6A392A0098F620 /* PBXTargetDependency */ = {
			isa = PBXTargetDependency;
			target = 272F1DC51C6A392A0098F620 /* Serpent iOS */;
			targetProxy = 272F1DD21C6A392A0098F620 /* PBXContainerItemProxy */;
		};
		2732ECA61C9F21BF00BFD4E1 /* PBXTargetDependency */ = {
			isa = PBXTargetDependency;
			target = 2732EC991C9F21BF00BFD4E1 /* Serpent tvOS */;
			targetProxy = 2732ECA51C9F21BF00BFD4E1 /* PBXContainerItemProxy */;
		};
		2785B5391C9DE72F00E40605 /* PBXTargetDependency */ = {
			isa = PBXTargetDependency;
			target = 2785B52C1C9DE72E00E40605 /* Serpent OSX */;
			targetProxy = 2785B5381C9DE72F00E40605 /* PBXContainerItemProxy */;
		};
/* End PBXTargetDependency section */

/* Begin XCBuildConfiguration section */
		272F1DD81C6A392A0098F620 /* Debug */ = {
			isa = XCBuildConfiguration;
			buildSettings = {
				ALWAYS_SEARCH_USER_PATHS = NO;
				CLANG_CXX_LANGUAGE_STANDARD = "gnu++0x";
				CLANG_CXX_LIBRARY = "libc++";
				CLANG_ENABLE_MODULES = YES;
				CLANG_ENABLE_OBJC_ARC = YES;
				CLANG_WARN_BLOCK_CAPTURE_AUTORELEASING = YES;
				CLANG_WARN_BOOL_CONVERSION = YES;
				CLANG_WARN_COMMA = YES;
				CLANG_WARN_CONSTANT_CONVERSION = YES;
				CLANG_WARN_DIRECT_OBJC_ISA_USAGE = YES_ERROR;
				CLANG_WARN_EMPTY_BODY = YES;
				CLANG_WARN_ENUM_CONVERSION = YES;
				CLANG_WARN_INFINITE_RECURSION = YES;
				CLANG_WARN_INT_CONVERSION = YES;
				CLANG_WARN_NON_LITERAL_NULL_CONVERSION = YES;
				CLANG_WARN_OBJC_LITERAL_CONVERSION = YES;
				CLANG_WARN_OBJC_ROOT_CLASS = YES_ERROR;
				CLANG_WARN_RANGE_LOOP_ANALYSIS = YES;
				CLANG_WARN_STRICT_PROTOTYPES = YES;
				CLANG_WARN_SUSPICIOUS_MOVE = YES;
				CLANG_WARN_UNREACHABLE_CODE = YES;
				CLANG_WARN__DUPLICATE_METHOD_MATCH = YES;
				"CODE_SIGN_IDENTITY[sdk=iphoneos*]" = "iPhone Developer";
				COPY_PHASE_STRIP = NO;
				CURRENT_PROJECT_VERSION = 1;
				DEBUG_INFORMATION_FORMAT = dwarf;
				ENABLE_STRICT_OBJC_MSGSEND = YES;
				ENABLE_TESTABILITY = YES;
				FRAMEWORK_SEARCH_PATHS = "\"$(PROJECT_DIR)/Serpent/Prebuilt Frameworks/**\"";
				GCC_C_LANGUAGE_STANDARD = gnu99;
				GCC_DYNAMIC_NO_PIC = NO;
				GCC_NO_COMMON_BLOCKS = YES;
				GCC_OPTIMIZATION_LEVEL = 0;
				GCC_PREPROCESSOR_DEFINITIONS = (
					"DEBUG=1",
					"$(inherited)",
				);
				GCC_WARN_64_TO_32_BIT_CONVERSION = YES;
				GCC_WARN_ABOUT_RETURN_TYPE = YES_ERROR;
				GCC_WARN_UNDECLARED_SELECTOR = YES;
				GCC_WARN_UNINITIALIZED_AUTOS = YES_AGGRESSIVE;
				GCC_WARN_UNUSED_FUNCTION = YES;
				GCC_WARN_UNUSED_VARIABLE = YES;
				IPHONEOS_DEPLOYMENT_TARGET = 8.0;
				LD_RUNPATH_SEARCH_PATHS = "";
				MACOSX_DEPLOYMENT_TARGET = 10.10;
				MTL_ENABLE_DEBUG_INFO = YES;
				ONLY_ACTIVE_ARCH = YES;
				SDKROOT = iphoneos;
				SWIFT_OPTIMIZATION_LEVEL = "-Onone";
				SWIFT_VERSION = 3.0;
				TARGETED_DEVICE_FAMILY = "1,2";
				TVOS_DEPLOYMENT_TARGET = 9.0;
				VERSIONING_SYSTEM = "apple-generic";
				VERSION_INFO_PREFIX = "";
				WATCHOS_DEPLOYMENT_TARGET = 2.0;
			};
			name = Debug;
		};
		272F1DD91C6A392A0098F620 /* Release */ = {
			isa = XCBuildConfiguration;
			buildSettings = {
				ALWAYS_SEARCH_USER_PATHS = NO;
				CLANG_CXX_LANGUAGE_STANDARD = "gnu++0x";
				CLANG_CXX_LIBRARY = "libc++";
				CLANG_ENABLE_MODULES = YES;
				CLANG_ENABLE_OBJC_ARC = YES;
				CLANG_WARN_BLOCK_CAPTURE_AUTORELEASING = YES;
				CLANG_WARN_BOOL_CONVERSION = YES;
				CLANG_WARN_COMMA = YES;
				CLANG_WARN_CONSTANT_CONVERSION = YES;
				CLANG_WARN_DIRECT_OBJC_ISA_USAGE = YES_ERROR;
				CLANG_WARN_EMPTY_BODY = YES;
				CLANG_WARN_ENUM_CONVERSION = YES;
				CLANG_WARN_INFINITE_RECURSION = YES;
				CLANG_WARN_INT_CONVERSION = YES;
				CLANG_WARN_NON_LITERAL_NULL_CONVERSION = YES;
				CLANG_WARN_OBJC_LITERAL_CONVERSION = YES;
				CLANG_WARN_OBJC_ROOT_CLASS = YES_ERROR;
				CLANG_WARN_RANGE_LOOP_ANALYSIS = YES;
				CLANG_WARN_STRICT_PROTOTYPES = YES;
				CLANG_WARN_SUSPICIOUS_MOVE = YES;
				CLANG_WARN_UNREACHABLE_CODE = YES;
				CLANG_WARN__DUPLICATE_METHOD_MATCH = YES;
				"CODE_SIGN_IDENTITY[sdk=iphoneos*]" = "iPhone Developer";
				COPY_PHASE_STRIP = NO;
				CURRENT_PROJECT_VERSION = 1;
				DEBUG_INFORMATION_FORMAT = "dwarf-with-dsym";
				ENABLE_NS_ASSERTIONS = NO;
				ENABLE_STRICT_OBJC_MSGSEND = YES;
				FRAMEWORK_SEARCH_PATHS = "\"$(PROJECT_DIR)/Serpent/Prebuilt Frameworks/**\"";
				GCC_C_LANGUAGE_STANDARD = gnu99;
				GCC_NO_COMMON_BLOCKS = YES;
				GCC_WARN_64_TO_32_BIT_CONVERSION = YES;
				GCC_WARN_ABOUT_RETURN_TYPE = YES_ERROR;
				GCC_WARN_UNDECLARED_SELECTOR = YES;
				GCC_WARN_UNINITIALIZED_AUTOS = YES_AGGRESSIVE;
				GCC_WARN_UNUSED_FUNCTION = YES;
				GCC_WARN_UNUSED_VARIABLE = YES;
				IPHONEOS_DEPLOYMENT_TARGET = 8.0;
				LD_RUNPATH_SEARCH_PATHS = "";
				MACOSX_DEPLOYMENT_TARGET = 10.10;
				MTL_ENABLE_DEBUG_INFO = NO;
				SDKROOT = iphoneos;
				SWIFT_OPTIMIZATION_LEVEL = "-Owholemodule";
				SWIFT_VERSION = 3.0;
				TARGETED_DEVICE_FAMILY = "1,2";
				TVOS_DEPLOYMENT_TARGET = 9.0;
				VALIDATE_PRODUCT = YES;
				VERSIONING_SYSTEM = "apple-generic";
				VERSION_INFO_PREFIX = "";
				WATCHOS_DEPLOYMENT_TARGET = 2.0;
			};
			name = Release;
		};
		272F1DDB1C6A392A0098F620 /* Debug */ = {
			isa = XCBuildConfiguration;
			buildSettings = {
				APPLICATION_EXTENSION_API_ONLY = YES;
				CLANG_ENABLE_MODULES = YES;
				"CODE_SIGN_IDENTITY[sdk=iphoneos*]" = "";
				DEFINES_MODULE = YES;
				DYLIB_COMPATIBILITY_VERSION = 1;
				DYLIB_CURRENT_VERSION = 1;
				DYLIB_INSTALL_NAME_BASE = "@rpath";
				FRAMEWORK_SEARCH_PATHS = "\"$(PROJECT_DIR)/../Carthage/Build/iOS\"";
				INFOPLIST_FILE = "$(SRCROOT)/Serpent/Supporting Files/Info.plist";
				INSTALL_PATH = "$(LOCAL_LIBRARY_DIR)/Frameworks";
				LD_RUNPATH_SEARCH_PATHS = "$(inherited) @executable_path/Frameworks @loader_path/Frameworks";
				PRODUCT_BUNDLE_IDENTIFIER = com.nodes.Serpent;
				PRODUCT_NAME = Serpent;
				SKIP_INSTALL = YES;
				SWIFT_OPTIMIZATION_LEVEL = "-Onone";
				SWIFT_SWIFT3_OBJC_INFERENCE = Off;
				SWIFT_VERSION = 4.0;
			};
			name = Debug;
		};
		272F1DDC1C6A392A0098F620 /* Release */ = {
			isa = XCBuildConfiguration;
			buildSettings = {
				APPLICATION_EXTENSION_API_ONLY = YES;
				CLANG_ENABLE_MODULES = YES;
				"CODE_SIGN_IDENTITY[sdk=iphoneos*]" = "";
				DEFINES_MODULE = YES;
				DYLIB_COMPATIBILITY_VERSION = 1;
				DYLIB_CURRENT_VERSION = 1;
				DYLIB_INSTALL_NAME_BASE = "@rpath";
				FRAMEWORK_SEARCH_PATHS = "\"$(PROJECT_DIR)/../Carthage/Build/iOS\"";
				INFOPLIST_FILE = "$(SRCROOT)/Serpent/Supporting Files/Info.plist";
				INSTALL_PATH = "$(LOCAL_LIBRARY_DIR)/Frameworks";
				LD_RUNPATH_SEARCH_PATHS = "$(inherited) @executable_path/Frameworks @loader_path/Frameworks";
				PRODUCT_BUNDLE_IDENTIFIER = com.nodes.Serpent;
				PRODUCT_NAME = Serpent;
				SKIP_INSTALL = YES;
				SWIFT_SWIFT3_OBJC_INFERENCE = Off;
				SWIFT_VERSION = 4.0;
			};
			name = Release;
		};
		272F1DDE1C6A392A0098F620 /* Debug */ = {
			isa = XCBuildConfiguration;
			buildSettings = {
				FRAMEWORK_SEARCH_PATHS = "\"$(PROJECT_DIR)/../Carthage/Build/iOS\"";
				INFOPLIST_FILE = SerpentTests/Info.plist;
				LD_RUNPATH_SEARCH_PATHS = "$(inherited) @executable_path/Frameworks @loader_path/Frameworks \"$(PROJECT_DIR)/../Carthage/Build/iOS\"";
				OTHER_SWIFT_FLAGS = "-D TEST_MEMORY_WARNING";
				PRODUCT_BUNDLE_IDENTIFIER = com.nodes.SerpentTests;
				PRODUCT_NAME = "$(TARGET_NAME)";
				REEXPORTED_LIBRARY_PATHS = "";
				SWIFT_SWIFT3_OBJC_INFERENCE = Off;
				SWIFT_VERSION = 4.0;
			};
			name = Debug;
		};
		272F1DDF1C6A392A0098F620 /* Release */ = {
			isa = XCBuildConfiguration;
			buildSettings = {
				FRAMEWORK_SEARCH_PATHS = "\"$(PROJECT_DIR)/../Carthage/Build/iOS\"";
				INFOPLIST_FILE = SerpentTests/Info.plist;
				LD_RUNPATH_SEARCH_PATHS = "$(inherited) @executable_path/Frameworks @loader_path/Frameworks \"$(PROJECT_DIR)/../Carthage/Build/iOS\"";
				OTHER_SWIFT_FLAGS = "-D TEST_MEMORY_WARNING";
				PRODUCT_BUNDLE_IDENTIFIER = com.nodes.SerpentTests;
				PRODUCT_NAME = "$(TARGET_NAME)";
				REEXPORTED_LIBRARY_PATHS = "";
				SWIFT_SWIFT3_OBJC_INFERENCE = Off;
				SWIFT_VERSION = 4.0;
			};
			name = Release;
		};
		2732EC931C9F21A500BFD4E1 /* Debug */ = {
			isa = XCBuildConfiguration;
			buildSettings = {
				APPLICATION_EXTENSION_API_ONLY = YES;
				"CODE_SIGN_IDENTITY[sdk=watchos*]" = "";
				DEFINES_MODULE = YES;
				DYLIB_COMPATIBILITY_VERSION = 1;
				DYLIB_CURRENT_VERSION = 1;
				DYLIB_INSTALL_NAME_BASE = "@rpath";
				FRAMEWORK_SEARCH_PATHS = "\"$(PROJECT_DIR)/../Carthage/Build/watchOS\"";
				INFOPLIST_FILE = "$(SRCROOT)/Serpent/Supporting Files/Info.plist";
				INSTALL_PATH = "$(LOCAL_LIBRARY_DIR)/Frameworks";
				LD_RUNPATH_SEARCH_PATHS = "$(inherited) @executable_path/Frameworks @loader_path/Frameworks";
				PRODUCT_BUNDLE_IDENTIFIER = "com.nodes.Serpent-watchOS";
				PRODUCT_NAME = Serpent;
				SDKROOT = watchos;
				SKIP_INSTALL = YES;
				TARGETED_DEVICE_FAMILY = 4;
			};
			name = Debug;
		};
		2732EC941C9F21A500BFD4E1 /* Release */ = {
			isa = XCBuildConfiguration;
			buildSettings = {
				APPLICATION_EXTENSION_API_ONLY = YES;
				"CODE_SIGN_IDENTITY[sdk=watchos*]" = "";
				DEFINES_MODULE = YES;
				DYLIB_COMPATIBILITY_VERSION = 1;
				DYLIB_CURRENT_VERSION = 1;
				DYLIB_INSTALL_NAME_BASE = "@rpath";
				FRAMEWORK_SEARCH_PATHS = "\"$(PROJECT_DIR)/../Carthage/Build/watchOS\"";
				INFOPLIST_FILE = "$(SRCROOT)/Serpent/Supporting Files/Info.plist";
				INSTALL_PATH = "$(LOCAL_LIBRARY_DIR)/Frameworks";
				LD_RUNPATH_SEARCH_PATHS = "$(inherited) @executable_path/Frameworks @loader_path/Frameworks";
				PRODUCT_BUNDLE_IDENTIFIER = "com.nodes.Serpent-watchOS";
				PRODUCT_NAME = Serpent;
				SDKROOT = watchos;
				SKIP_INSTALL = YES;
				TARGETED_DEVICE_FAMILY = 4;
			};
			name = Release;
		};
		2732ECAC1C9F21BF00BFD4E1 /* Debug */ = {
			isa = XCBuildConfiguration;
			buildSettings = {
				APPLICATION_EXTENSION_API_ONLY = YES;
				"CODE_SIGN_IDENTITY[sdk=appletvos*]" = "";
				DEFINES_MODULE = YES;
				DYLIB_COMPATIBILITY_VERSION = 1;
				DYLIB_CURRENT_VERSION = 1;
				DYLIB_INSTALL_NAME_BASE = "@rpath";
				FRAMEWORK_SEARCH_PATHS = "\"$(PROJECT_DIR)/../Carthage/Build/tvOS\"";
				INFOPLIST_FILE = "$(SRCROOT)/Serpent/Supporting Files/Info.plist";
				INSTALL_PATH = "$(LOCAL_LIBRARY_DIR)/Frameworks";
				LD_RUNPATH_SEARCH_PATHS = "$(inherited) @executable_path/Frameworks @loader_path/Frameworks";
				PRODUCT_BUNDLE_IDENTIFIER = "com.nodes.Serpent-tvOS";
				PRODUCT_NAME = Serpent;
				SDKROOT = appletvos;
				SKIP_INSTALL = YES;
				TARGETED_DEVICE_FAMILY = 3;
			};
			name = Debug;
		};
		2732ECAD1C9F21BF00BFD4E1 /* Release */ = {
			isa = XCBuildConfiguration;
			buildSettings = {
				APPLICATION_EXTENSION_API_ONLY = YES;
				"CODE_SIGN_IDENTITY[sdk=appletvos*]" = "";
				DEFINES_MODULE = YES;
				DYLIB_COMPATIBILITY_VERSION = 1;
				DYLIB_CURRENT_VERSION = 1;
				DYLIB_INSTALL_NAME_BASE = "@rpath";
				FRAMEWORK_SEARCH_PATHS = "\"$(PROJECT_DIR)/../Carthage/Build/tvOS\"";
				INFOPLIST_FILE = "$(SRCROOT)/Serpent/Supporting Files/Info.plist";
				INSTALL_PATH = "$(LOCAL_LIBRARY_DIR)/Frameworks";
				LD_RUNPATH_SEARCH_PATHS = "$(inherited) @executable_path/Frameworks @loader_path/Frameworks";
				PRODUCT_BUNDLE_IDENTIFIER = "com.nodes.Serpent-tvOS";
				PRODUCT_NAME = Serpent;
				SDKROOT = appletvos;
				SKIP_INSTALL = YES;
				TARGETED_DEVICE_FAMILY = 3;
			};
			name = Release;
		};
		2732ECAF1C9F21BF00BFD4E1 /* Debug */ = {
			isa = XCBuildConfiguration;
			buildSettings = {
				FRAMEWORK_SEARCH_PATHS = "\"$(PROJECT_DIR)/../Carthage/Build/tvOS\"";
				INFOPLIST_FILE = SerpentTests/Info.plist;
				LD_RUNPATH_SEARCH_PATHS = "$(inherited) @executable_path/Frameworks @loader_path/Frameworks \"$(PROJECT_DIR)/../Carthage/Build/tvOS\"";
				OTHER_SWIFT_FLAGS = "-D TEST_MEMORY_WARNING";
				PRODUCT_BUNDLE_IDENTIFIER = "com.nodes.Serpent-tvOSTests";
				PRODUCT_NAME = "$(TARGET_NAME)";
				SDKROOT = appletvos;
				TVOS_DEPLOYMENT_TARGET = 9.1;
			};
			name = Debug;
		};
		2732ECB01C9F21BF00BFD4E1 /* Release */ = {
			isa = XCBuildConfiguration;
			buildSettings = {
				FRAMEWORK_SEARCH_PATHS = "\"$(PROJECT_DIR)/../Carthage/Build/tvOS\"";
				INFOPLIST_FILE = SerpentTests/Info.plist;
				LD_RUNPATH_SEARCH_PATHS = "$(inherited) @executable_path/Frameworks @loader_path/Frameworks \"$(PROJECT_DIR)/../Carthage/Build/tvOS\"";
				OTHER_SWIFT_FLAGS = "-D TEST_MEMORY_WARNING";
				PRODUCT_BUNDLE_IDENTIFIER = "com.nodes.Serpent-tvOSTests";
				PRODUCT_NAME = "$(TARGET_NAME)";
				SDKROOT = appletvos;
				TVOS_DEPLOYMENT_TARGET = 9.1;
			};
			name = Release;
		};
		2785B53E1C9DE72F00E40605 /* Debug */ = {
			isa = XCBuildConfiguration;
			buildSettings = {
				APPLICATION_EXTENSION_API_ONLY = YES;
				CODE_SIGN_IDENTITY = "";
				COMBINE_HIDPI_IMAGES = YES;
				DEFINES_MODULE = YES;
				DYLIB_COMPATIBILITY_VERSION = 1;
				DYLIB_CURRENT_VERSION = 1;
				DYLIB_INSTALL_NAME_BASE = "@rpath";
				FRAMEWORK_SEARCH_PATHS = "\"$(PROJECT_DIR)/../Carthage/Build/Mac\"";
				FRAMEWORK_VERSION = A;
				INFOPLIST_FILE = "$(SRCROOT)/Serpent/Supporting Files/Info.plist";
				INSTALL_PATH = "$(LOCAL_LIBRARY_DIR)/Frameworks";
				LD_RUNPATH_SEARCH_PATHS = "$(inherited) @executable_path/../Frameworks @loader_path/Frameworks";
				PRODUCT_BUNDLE_IDENTIFIER = com.nodes.Serpent;
				PRODUCT_NAME = Serpent;
				SDKROOT = macosx;
				SKIP_INSTALL = YES;
				SWIFT_SWIFT3_OBJC_INFERENCE = Off;
			};
			name = Debug;
		};
		2785B53F1C9DE72F00E40605 /* Release */ = {
			isa = XCBuildConfiguration;
			buildSettings = {
				APPLICATION_EXTENSION_API_ONLY = YES;
				CODE_SIGN_IDENTITY = "";
				COMBINE_HIDPI_IMAGES = YES;
				DEFINES_MODULE = YES;
				DYLIB_COMPATIBILITY_VERSION = 1;
				DYLIB_CURRENT_VERSION = 1;
				DYLIB_INSTALL_NAME_BASE = "@rpath";
				FRAMEWORK_SEARCH_PATHS = "\"$(PROJECT_DIR)/../Carthage/Build/Mac\"";
				FRAMEWORK_VERSION = A;
				INFOPLIST_FILE = "$(SRCROOT)/Serpent/Supporting Files/Info.plist";
				INSTALL_PATH = "$(LOCAL_LIBRARY_DIR)/Frameworks";
				LD_RUNPATH_SEARCH_PATHS = "$(inherited) @executable_path/../Frameworks @loader_path/Frameworks";
				PRODUCT_BUNDLE_IDENTIFIER = com.nodes.Serpent;
				PRODUCT_NAME = Serpent;
				SDKROOT = macosx;
				SKIP_INSTALL = YES;
				SWIFT_SWIFT3_OBJC_INFERENCE = Off;
			};
			name = Release;
		};
		2785B5401C9DE72F00E40605 /* Debug */ = {
			isa = XCBuildConfiguration;
			buildSettings = {
				CODE_SIGN_IDENTITY = "-";
				COMBINE_HIDPI_IMAGES = YES;
				FRAMEWORK_SEARCH_PATHS = "\"$(PROJECT_DIR)/../Carthage/Build/Mac\"";
				INFOPLIST_FILE = SerpentTests/Info.plist;
				LD_RUNPATH_SEARCH_PATHS = "$(inherited) @executable_path/../Frameworks @loader_path/../Frameworks \"$(PROJECT_DIR)/../Carthage/Build/Mac\"";
				MACOSX_DEPLOYMENT_TARGET = 10.11;
				PRODUCT_BUNDLE_IDENTIFIER = "com.nodes.Serpent-OSXTests";
				PRODUCT_NAME = "$(TARGET_NAME)";
				SDKROOT = macosx;
				SWIFT_SWIFT3_OBJC_INFERENCE = Off;
			};
			name = Debug;
		};
		2785B5411C9DE72F00E40605 /* Release */ = {
			isa = XCBuildConfiguration;
			buildSettings = {
				CODE_SIGN_IDENTITY = "-";
				COMBINE_HIDPI_IMAGES = YES;
				FRAMEWORK_SEARCH_PATHS = "\"$(PROJECT_DIR)/../Carthage/Build/Mac\"";
				INFOPLIST_FILE = SerpentTests/Info.plist;
				LD_RUNPATH_SEARCH_PATHS = "$(inherited) @executable_path/../Frameworks @loader_path/../Frameworks \"$(PROJECT_DIR)/../Carthage/Build/Mac\"";
				MACOSX_DEPLOYMENT_TARGET = 10.11;
				PRODUCT_BUNDLE_IDENTIFIER = "com.nodes.Serpent-OSXTests";
				PRODUCT_NAME = "$(TARGET_NAME)";
				SDKROOT = macosx;
				SWIFT_SWIFT3_OBJC_INFERENCE = Off;
			};
			name = Release;
		};
/* End XCBuildConfiguration section */

/* Begin XCConfigurationList section */
		272F1DC01C6A392A0098F620 /* Build configuration list for PBXProject "Serpent" */ = {
			isa = XCConfigurationList;
			buildConfigurations = (
				272F1DD81C6A392A0098F620 /* Debug */,
				272F1DD91C6A392A0098F620 /* Release */,
			);
			defaultConfigurationIsVisible = 0;
			defaultConfigurationName = Release;
		};
		272F1DDA1C6A392A0098F620 /* Build configuration list for PBXNativeTarget "Serpent iOS" */ = {
			isa = XCConfigurationList;
			buildConfigurations = (
				272F1DDB1C6A392A0098F620 /* Debug */,
				272F1DDC1C6A392A0098F620 /* Release */,
			);
			defaultConfigurationIsVisible = 0;
			defaultConfigurationName = Release;
		};
		272F1DDD1C6A392A0098F620 /* Build configuration list for PBXNativeTarget "SerpentTests" */ = {
			isa = XCConfigurationList;
			buildConfigurations = (
				272F1DDE1C6A392A0098F620 /* Debug */,
				272F1DDF1C6A392A0098F620 /* Release */,
			);
			defaultConfigurationIsVisible = 0;
			defaultConfigurationName = Release;
		};
		2732EC921C9F21A500BFD4E1 /* Build configuration list for PBXNativeTarget "Serpent watchOS" */ = {
			isa = XCConfigurationList;
			buildConfigurations = (
				2732EC931C9F21A500BFD4E1 /* Debug */,
				2732EC941C9F21A500BFD4E1 /* Release */,
			);
			defaultConfigurationIsVisible = 0;
			defaultConfigurationName = Release;
		};
		2732ECAB1C9F21BF00BFD4E1 /* Build configuration list for PBXNativeTarget "Serpent tvOS" */ = {
			isa = XCConfigurationList;
			buildConfigurations = (
				2732ECAC1C9F21BF00BFD4E1 /* Debug */,
				2732ECAD1C9F21BF00BFD4E1 /* Release */,
			);
			defaultConfigurationIsVisible = 0;
			defaultConfigurationName = Release;
		};
		2732ECAE1C9F21BF00BFD4E1 /* Build configuration list for PBXNativeTarget "Serpent tvOSTests" */ = {
			isa = XCConfigurationList;
			buildConfigurations = (
				2732ECAF1C9F21BF00BFD4E1 /* Debug */,
				2732ECB01C9F21BF00BFD4E1 /* Release */,
			);
			defaultConfigurationIsVisible = 0;
			defaultConfigurationName = Release;
		};
		2785B5421C9DE72F00E40605 /* Build configuration list for PBXNativeTarget "Serpent OSX" */ = {
			isa = XCConfigurationList;
			buildConfigurations = (
				2785B53E1C9DE72F00E40605 /* Debug */,
				2785B53F1C9DE72F00E40605 /* Release */,
			);
			defaultConfigurationIsVisible = 0;
			defaultConfigurationName = Release;
		};
		2785B5431C9DE72F00E40605 /* Build configuration list for PBXNativeTarget "Serpent OSXTests" */ = {
			isa = XCConfigurationList;
			buildConfigurations = (
				2785B5401C9DE72F00E40605 /* Debug */,
				2785B5411C9DE72F00E40605 /* Release */,
			);
			defaultConfigurationIsVisible = 0;
			defaultConfigurationName = Release;
		};
/* End XCConfigurationList section */
	};
	rootObject = 272F1DBD1C6A392A0098F620 /* Project object */;
}
