// !$*UTF8*$!
{
	archiveVersion = 1;
	classes = {
	};
	objectVersion = 46;
	objects = {

/* Begin PBXBuildFile section */
		01F961F71CC38966006083C5 /* AppDelegate.swift in Sources */ = {isa = PBXBuildFile; fileRef = 01F961F61CC38966006083C5 /* AppDelegate.swift */; };
		01F961F91CC38966006083C5 /* ViewController.swift in Sources */ = {isa = PBXBuildFile; fileRef = 01F961F81CC38966006083C5 /* ViewController.swift */; };
		01F961FC1CC38966006083C5 /* Main.storyboard in Resources */ = {isa = PBXBuildFile; fileRef = 01F961FA1CC38966006083C5 /* Main.storyboard */; };
		01F961FE1CC38966006083C5 /* Assets.xcassets in Resources */ = {isa = PBXBuildFile; fileRef = 01F961FD1CC38966006083C5 /* Assets.xcassets */; };
		01F962011CC38966006083C5 /* LaunchScreen.storyboard in Resources */ = {isa = PBXBuildFile; fileRef = 01F961FF1CC38966006083C5 /* LaunchScreen.storyboard */; };
/* End PBXBuildFile section */

/* Begin PBXFileReference section */
		01F961F31CC38966006083C5 /* Serializable Example.app */ = {isa = PBXFileReference; explicitFileType = wrapper.application; includeInIndex = 0; path = "Serializable Example.app"; sourceTree = BUILT_PRODUCTS_DIR; };
		01F961F61CC38966006083C5 /* AppDelegate.swift */ = {isa = PBXFileReference; lastKnownFileType = sourcecode.swift; path = AppDelegate.swift; sourceTree = "<group>"; };
		01F961F81CC38966006083C5 /* ViewController.swift */ = {isa = PBXFileReference; lastKnownFileType = sourcecode.swift; path = ViewController.swift; sourceTree = "<group>"; };
		01F961FB1CC38966006083C5 /* Base */ = {isa = PBXFileReference; lastKnownFileType = file.storyboard; name = Base; path = Base.lproj/Main.storyboard; sourceTree = "<group>"; };
		01F961FD1CC38966006083C5 /* Assets.xcassets */ = {isa = PBXFileReference; lastKnownFileType = folder.assetcatalog; path = Assets.xcassets; sourceTree = "<group>"; };
		01F962001CC38966006083C5 /* Base */ = {isa = PBXFileReference; lastKnownFileType = file.storyboard; name = Base; path = Base.lproj/LaunchScreen.storyboard; sourceTree = "<group>"; };
		01F962021CC38966006083C5 /* Info.plist */ = {isa = PBXFileReference; lastKnownFileType = text.plist.xml; path = Info.plist; sourceTree = "<group>"; };
/* End PBXFileReference section */

/* Begin PBXFrameworksBuildPhase section */
		01F961F01CC38966006083C5 /* Frameworks */ = {
			isa = PBXFrameworksBuildPhase;
			buildActionMask = 2147483647;
			files = (
			);
			runOnlyForDeploymentPostprocessing = 0;
		};
/* End PBXFrameworksBuildPhase section */

/* Begin PBXGroup section */
		01F961EA1CC38966006083C5 = {
			isa = PBXGroup;
			children = (
				01F961F51CC38966006083C5 /* Serializable Example */,
				01F961F41CC38966006083C5 /* Products */,
			);
			sourceTree = "<group>";
		};
		01F961F41CC38966006083C5 /* Products */ = {
			isa = PBXGroup;
			children = (
				01F961F31CC38966006083C5 /* Serializable Example.app */,
			);
			name = Products;
			sourceTree = "<group>";
		};
		01F961F51CC38966006083C5 /* Serializable Example */ = {
			isa = PBXGroup;
			children = (
				01F961F61CC38966006083C5 /* AppDelegate.swift */,
				01F961F81CC38966006083C5 /* ViewController.swift */,
				01F961FA1CC38966006083C5 /* Main.storyboard */,
				01F961FD1CC38966006083C5 /* Assets.xcassets */,
				01F961FF1CC38966006083C5 /* LaunchScreen.storyboard */,
				01F962021CC38966006083C5 /* Info.plist */,
			);
			path = "Serializable Example";
			sourceTree = "<group>";
		};
/* End PBXGroup section */

/* Begin PBXNativeTarget section */
		01F961F21CC38966006083C5 /* Serializable Example */ = {
			isa = PBXNativeTarget;
			buildConfigurationList = 01F962051CC38966006083C5 /* Build configuration list for PBXNativeTarget "Serializable Example" */;
			buildPhases = (
				01F961EF1CC38966006083C5 /* Sources */,
				01F961F01CC38966006083C5 /* Frameworks */,
				01F961F11CC38966006083C5 /* Resources */,
			);
			buildRules = (
			);
			dependencies = (
			);
			name = "Serializable Example";
			productName = "Serializable Example";
			productReference = 01F961F31CC38966006083C5 /* Serializable Example.app */;
			productType = "com.apple.product-type.application";
		};
/* End PBXNativeTarget section */

/* Begin PBXProject section */
		01F961EB1CC38966006083C5 /* Project object */ = {
			isa = PBXProject;
			attributes = {
				LastSwiftUpdateCheck = 0730;
				LastUpgradeCheck = 0730;
				ORGANIZATIONNAME = "Nodes ApS";
				TargetAttributes = {
					01F961F21CC38966006083C5 = {
						CreatedOnToolsVersion = 7.3;
					};
				};
			};
			buildConfigurationList = 01F961EE1CC38966006083C5 /* Build configuration list for PBXProject "Serializable Example" */;
			compatibilityVersion = "Xcode 3.2";
			developmentRegion = English;
			hasScannedForEncodings = 0;
			knownRegions = (
				en,
				Base,
			);
			mainGroup = 01F961EA1CC38966006083C5;
			productRefGroup = 01F961F41CC38966006083C5 /* Products */;
			projectDirPath = "";
			projectRoot = "";
			targets = (
				01F961F21CC38966006083C5 /* Serializable Example */,
			);
		};
/* End PBXProject section */

/* Begin PBXResourcesBuildPhase section */
		01F961F11CC38966006083C5 /* Resources */ = {
			isa = PBXResourcesBuildPhase;
			buildActionMask = 2147483647;
			files = (
				01F962011CC38966006083C5 /* LaunchScreen.storyboard in Resources */,
				01F961FE1CC38966006083C5 /* Assets.xcassets in Resources */,
				01F961FC1CC38966006083C5 /* Main.storyboard in Resources */,
			);
			runOnlyForDeploymentPostprocessing = 0;
		};
/* End PBXResourcesBuildPhase section */

/* Begin PBXSourcesBuildPhase section */
		01F961EF1CC38966006083C5 /* Sources */ = {
			isa = PBXSourcesBuildPhase;
			buildActionMask = 2147483647;
			files = (
				01F961F91CC38966006083C5 /* ViewController.swift in Sources */,
				01F961F71CC38966006083C5 /* AppDelegate.swift in Sources */,
			);
			runOnlyForDeploymentPostprocessing = 0;
		};
/* End PBXSourcesBuildPhase section */

/* Begin PBXVariantGroup section */
		01F961FA1CC38966006083C5 /* Main.storyboard */ = {
			isa = PBXVariantGroup;
			children = (
				01F961FB1CC38966006083C5 /* Base */,
			);
			name = Main.storyboard;
			sourceTree = "<group>";
		};
		01F961FF1CC38966006083C5 /* LaunchScreen.storyboard */ = {
			isa = PBXVariantGroup;
			children = (
				01F962001CC38966006083C5 /* Base */,
			);
			name = LaunchScreen.storyboard;
			sourceTree = "<group>";
		};
/* End PBXVariantGroup section */

/* Begin XCBuildConfiguration section */
		01F962031CC38966006083C5 /* Debug */ = {
			isa = XCBuildConfiguration;
			buildSettings = {
				ALWAYS_SEARCH_USER_PATHS = NO;
				CLANG_ANALYZER_NONNULL = YES;
				CLANG_CXX_LANGUAGE_STANDARD = "gnu++0x";
				CLANG_CXX_LIBRARY = "libc++";
				CLANG_ENABLE_MODULES = YES;
				CLANG_ENABLE_OBJC_ARC = YES;
				CLANG_WARN_BOOL_CONVERSION = YES;
				CLANG_WARN_CONSTANT_CONVERSION = YES;
				CLANG_WARN_DIRECT_OBJC_ISA_USAGE = YES_ERROR;
				CLANG_WARN_EMPTY_BODY = YES;
				CLANG_WARN_ENUM_CONVERSION = YES;
				CLANG_WARN_INT_CONVERSION = YES;
				CLANG_WARN_OBJC_ROOT_CLASS = YES_ERROR;
				CLANG_WARN_UNREACHABLE_CODE = YES;
				CLANG_WARN__DUPLICATE_METHOD_MATCH = YES;
				"CODE_SIGN_IDENTITY[sdk=iphoneos*]" = "iPhone Developer";
				COPY_PHASE_STRIP = NO;
				DEBUG_INFORMATION_FORMAT = dwarf;
				ENABLE_STRICT_OBJC_MSGSEND = YES;
				ENABLE_TESTABILITY = YES;
				GCC_C_LANGUAGE_STANDARD = gnu99;
				GCC_DYNAMIC_NO_PIC = NO;
				GCC_NO_COMMON_BLOCKS = YES;
				GCC_OPTIMIZATION_LEVEL = 0;
				GCC_PREPROCESSOR_DEFINITIONS = (
					"DEBUG=1",
					"$(inherited)",
				);
				GCC_WARN_64_TO_32_BIT_CONVERSION = YES;
				GCC_WARN_ABOUT_RETURN_TYPE = YES_ERROR;
				GCC_WARN_UNDECLARED_SELECTOR = YES;
				GCC_WARN_UNINITIALIZED_AUTOS = YES_AGGRESSIVE;
				GCC_WARN_UNUSED_FUNCTION = YES;
				GCC_WARN_UNUSED_VARIABLE = YES;
				IPHONEOS_DEPLOYMENT_TARGET = 9.3;
				MTL_ENABLE_DEBUG_INFO = YES;
				ONLY_ACTIVE_ARCH = YES;
				SDKROOT = iphoneos;
				SWIFT_OPTIMIZATION_LEVEL = "-Onone";
			};
			name = Debug;
		};
		01F962041CC38966006083C5 /* Release */ = {
			isa = XCBuildConfiguration;
			buildSettings = {
				ALWAYS_SEARCH_USER_PATHS = NO;
				CLANG_ANALYZER_NONNULL = YES;
				CLANG_CXX_LANGUAGE_STANDARD = "gnu++0x";
				CLANG_CXX_LIBRARY = "libc++";
				CLANG_ENABLE_MODULES = YES;
				CLANG_ENABLE_OBJC_ARC = YES;
				CLANG_WARN_BOOL_CONVERSION = YES;
				CLANG_WARN_CONSTANT_CONVERSION = YES;
				CLANG_WARN_DIRECT_OBJC_ISA_USAGE = YES_ERROR;
				CLANG_WARN_EMPTY_BODY = YES;
				CLANG_WARN_ENUM_CONVERSION = YES;
				CLANG_WARN_INT_CONVERSION = YES;
				CLANG_WARN_OBJC_ROOT_CLASS = YES_ERROR;
				CLANG_WARN_UNREACHABLE_CODE = YES;
				CLANG_WARN__DUPLICATE_METHOD_MATCH = YES;
				"CODE_SIGN_IDENTITY[sdk=iphoneos*]" = "iPhone Developer";
				COPY_PHASE_STRIP = NO;
				DEBUG_INFORMATION_FORMAT = "dwarf-with-dsym";
				ENABLE_NS_ASSERTIONS = NO;
				ENABLE_STRICT_OBJC_MSGSEND = YES;
				GCC_C_LANGUAGE_STANDARD = gnu99;
				GCC_NO_COMMON_BLOCKS = YES;
				GCC_WARN_64_TO_32_BIT_CONVERSION = YES;
				GCC_WARN_ABOUT_RETURN_TYPE = YES_ERROR;
				GCC_WARN_UNDECLARED_SELECTOR = YES;
				GCC_WARN_UNINITIALIZED_AUTOS = YES_AGGRESSIVE;
				GCC_WARN_UNUSED_FUNCTION = YES;
				GCC_WARN_UNUSED_VARIABLE = YES;
				IPHONEOS_DEPLOYMENT_TARGET = 9.3;
				MTL_ENABLE_DEBUG_INFO = NO;
				SDKROOT = iphoneos;
				VALIDATE_PRODUCT = YES;
			};
			name = Release;
		};
		01F962061CC38966006083C5 /* Debug */ = {
			isa = XCBuildConfiguration;
			buildSettings = {
				ASSETCATALOG_COMPILER_APPICON_NAME = AppIcon;
				INFOPLIST_FILE = "Serializable Example/Info.plist";
				LD_RUNPATH_SEARCH_PATHS = "$(inherited) @executable_path/Frameworks";
				PRODUCT_BUNDLE_IDENTIFIER = "com.nodes.Serializable-Example";
				PRODUCT_NAME = "$(TARGET_NAME)";
			};
			name = Debug;
		};
		01F962071CC38966006083C5 /* Release */ = {
			isa = XCBuildConfiguration;
			buildSettings = {
				ASSETCATALOG_COMPILER_APPICON_NAME = AppIcon;
				INFOPLIST_FILE = "Serializable Example/Info.plist";
				LD_RUNPATH_SEARCH_PATHS = "$(inherited) @executable_path/Frameworks";
				PRODUCT_BUNDLE_IDENTIFIER = "com.nodes.Serializable-Example";
				PRODUCT_NAME = "$(TARGET_NAME)";
			};
			name = Release;
		};
/* End XCBuildConfiguration section */

/* Begin XCConfigurationList section */
		01F961EE1CC38966006083C5 /* Build configuration list for PBXProject "Serializable Example" */ = {
			isa = XCConfigurationList;
			buildConfigurations = (
				01F962031CC38966006083C5 /* Debug */,
				01F962041CC38966006083C5 /* Release */,
			);
			defaultConfigurationIsVisible = 0;
			defaultConfigurationName = Release;
		};
		01F962051CC38966006083C5 /* Build configuration list for PBXNativeTarget "Serializable Example" */ = {
			isa = XCConfigurationList;
			buildConfigurations = (
				01F962061CC38966006083C5 /* Debug */,
				01F962071CC38966006083C5 /* Release */,
			);
			defaultConfigurationIsVisible = 0;
		};
/* End XCConfigurationList section */
	};
	rootObject = 01F961EB1CC38966006083C5 /* Project object */;
}
