// !$*UTF8*$!
{
	archiveVersion = 1;
	classes = {
	};
	objectVersion = 46;
	objects = {

/* Begin PBXBuildFile section */
		01C3F2D81DEF21C8003CA989 /* Serpent.framework in Frameworks */ = {isa = PBXBuildFile; fileRef = 01C3F2C91DEF21B5003CA989 /* Serpent.framework */; };
		01C3F2DF1DEF2200003CA989 /* Alamofire.framework in Embed Frameworks */ = {isa = PBXBuildFile; fileRef = 01C3F2DD1DEF2200003CA989 /* Alamofire.framework */; settings = {ATTRIBUTES = (CodeSignOnCopy, RemoveHeadersOnCopy, ); }; };
		01C3F2E01DEF2200003CA989 /* Cashier.framework in Embed Frameworks */ = {isa = PBXBuildFile; fileRef = 01C3F2DE1DEF2200003CA989 /* Cashier.framework */; settings = {ATTRIBUTES = (CodeSignOnCopy, RemoveHeadersOnCopy, ); }; };
		01C3F2E11DEF2212003CA989 /* Alamofire.framework in Frameworks */ = {isa = PBXBuildFile; fileRef = 01C3F2DD1DEF2200003CA989 /* Alamofire.framework */; };
		01C3F2E21DEF2212003CA989 /* Cashier.framework in Frameworks */ = {isa = PBXBuildFile; fileRef = 01C3F2DE1DEF2200003CA989 /* Cashier.framework */; };
		01C3F30B1DEF229D003CA989 /* AppDelegate.swift in Sources */ = {isa = PBXBuildFile; fileRef = 01C3F2F41DEF229D003CA989 /* AppDelegate.swift */; };
		01C3F30C1DEF229D003CA989 /* ConnectionManager.swift in Sources */ = {isa = PBXBuildFile; fileRef = 01C3F2F61DEF229D003CA989 /* ConnectionManager.swift */; };
		01C3F30D1DEF229D003CA989 /* Identification.swift in Sources */ = {isa = PBXBuildFile; fileRef = 01C3F2F81DEF229D003CA989 /* Identification.swift */; };
		01C3F30E1DEF229D003CA989 /* Location.swift in Sources */ = {isa = PBXBuildFile; fileRef = 01C3F2F91DEF229D003CA989 /* Location.swift */; };
		01C3F30F1DEF229D003CA989 /* LoginInfo.swift in Sources */ = {isa = PBXBuildFile; fileRef = 01C3F2FA1DEF229D003CA989 /* LoginInfo.swift */; };
		01C3F3101DEF229D003CA989 /* NameInfo.swift in Sources */ = {isa = PBXBuildFile; fileRef = 01C3F2FB1DEF229D003CA989 /* NameInfo.swift */; };
		01C3F3111DEF229D003CA989 /* ProfilePicture.swift in Sources */ = {isa = PBXBuildFile; fileRef = 01C3F2FC1DEF229D003CA989 /* ProfilePicture.swift */; };
		01C3F3121DEF229D003CA989 /* User.swift in Sources */ = {isa = PBXBuildFile; fileRef = 01C3F2FD1DEF229D003CA989 /* User.swift */; };
		01C3F3131DEF229D003CA989 /* UserListCell.swift in Sources */ = {isa = PBXBuildFile; fileRef = 01C3F3001DEF229D003CA989 /* UserListCell.swift */; };
		01C3F3141DEF229D003CA989 /* UserListCell.xib in Resources */ = {isa = PBXBuildFile; fileRef = 01C3F3011DEF229D003CA989 /* UserListCell.xib */; };
		01C3F3151DEF229D003CA989 /* HomeVC.swift in Sources */ = {isa = PBXBuildFile; fileRef = 01C3F3021DEF229D003CA989 /* HomeVC.swift */; };
		01C3F3161DEF229D003CA989 /* UserDetailsVC.swift in Sources */ = {isa = PBXBuildFile; fileRef = 01C3F3031DEF229D003CA989 /* UserDetailsVC.swift */; };
		01C3F3171DEF229D003CA989 /* Assets.xcassets in Resources */ = {isa = PBXBuildFile; fileRef = 01C3F3051DEF229D003CA989 /* Assets.xcassets */; };
		01C3F3181DEF229D003CA989 /* LaunchScreen.storyboard in Resources */ = {isa = PBXBuildFile; fileRef = 01C3F3071DEF229D003CA989 /* LaunchScreen.storyboard */; };
		01C3F3191DEF229D003CA989 /* Main.storyboard in Resources */ = {isa = PBXBuildFile; fileRef = 01C3F3081DEF229D003CA989 /* Main.storyboard */; };
/* End PBXBuildFile section */

/* Begin PBXContainerItemProxy section */
		01C3F2C81DEF21B5003CA989 /* PBXContainerItemProxy */ = {
			isa = PBXContainerItemProxy;
			containerPortal = 01C3F2BE1DEF21B5003CA989 /* Serpent.xcodeproj */;
			proxyType = 2;
			remoteGlobalIDString = 272F1DC61C6A392A0098F620;
			remoteInfo = "Serpent iOS";
		};
		01C3F2CA1DEF21B5003CA989 /* PBXContainerItemProxy */ = {
			isa = PBXContainerItemProxy;
			containerPortal = 01C3F2BE1DEF21B5003CA989 /* Serpent.xcodeproj */;
			proxyType = 2;
			remoteGlobalIDString = 272F1DD01C6A392A0098F620;
			remoteInfo = SerpentTests;
		};
		01C3F2CC1DEF21B5003CA989 /* PBXContainerItemProxy */ = {
			isa = PBXContainerItemProxy;
			containerPortal = 01C3F2BE1DEF21B5003CA989 /* Serpent.xcodeproj */;
			proxyType = 2;
			remoteGlobalIDString = 2785B52D1C9DE72E00E40605;
			remoteInfo = "Serpent OSX";
		};
		01C3F2CE1DEF21B5003CA989 /* PBXContainerItemProxy */ = {
			isa = PBXContainerItemProxy;
			containerPortal = 01C3F2BE1DEF21B5003CA989 /* Serpent.xcodeproj */;
			proxyType = 2;
			remoteGlobalIDString = 2785B5361C9DE72F00E40605;
			remoteInfo = "Serpent OSXTests";
		};
		01C3F2D01DEF21B5003CA989 /* PBXContainerItemProxy */ = {
			isa = PBXContainerItemProxy;
			containerPortal = 01C3F2BE1DEF21B5003CA989 /* Serpent.xcodeproj */;
			proxyType = 2;
			remoteGlobalIDString = 2732EC9A1C9F21BF00BFD4E1;
			remoteInfo = "Serpent tvOS";
		};
		01C3F2D21DEF21B5003CA989 /* PBXContainerItemProxy */ = {
			isa = PBXContainerItemProxy;
			containerPortal = 01C3F2BE1DEF21B5003CA989 /* Serpent.xcodeproj */;
			proxyType = 2;
			remoteGlobalIDString = 2732ECA31C9F21BF00BFD4E1;
			remoteInfo = "Serpent tvOSTests";
		};
		01C3F2D41DEF21B5003CA989 /* PBXContainerItemProxy */ = {
			isa = PBXContainerItemProxy;
			containerPortal = 01C3F2BE1DEF21B5003CA989 /* Serpent.xcodeproj */;
			proxyType = 2;
			remoteGlobalIDString = 2732EC8D1C9F21A500BFD4E1;
			remoteInfo = "Serpent watchOS";
		};
		01C3F2D61DEF21BF003CA989 /* PBXContainerItemProxy */ = {
			isa = PBXContainerItemProxy;
			containerPortal = 01C3F2BE1DEF21B5003CA989 /* Serpent.xcodeproj */;
			proxyType = 1;
			remoteGlobalIDString = 272F1DC51C6A392A0098F620;
			remoteInfo = "Serpent iOS";
		};
/* End PBXContainerItemProxy section */

/* Begin PBXCopyFilesBuildPhase section */
		01F962851CC3980C006083C5 /* Embed Frameworks */ = {
			isa = PBXCopyFilesBuildPhase;
			buildActionMask = 2147483647;
			dstPath = "";
			dstSubfolderSpec = 10;
			files = (
				01C3F2DF1DEF2200003CA989 /* Alamofire.framework in Embed Frameworks */,
				01C3F2E01DEF2200003CA989 /* Cashier.framework in Embed Frameworks */,
			);
			name = "Embed Frameworks";
			runOnlyForDeploymentPostprocessing = 0;
		};
/* End PBXCopyFilesBuildPhase section */

/* Begin PBXFileReference section */
		01C3F2BE1DEF21B5003CA989 /* Serpent.xcodeproj */ = {isa = PBXFileReference; lastKnownFileType = "wrapper.pb-project"; name = Serpent.xcodeproj; path = ../Serpent.xcodeproj; sourceTree = "<group>"; };
		01C3F2DD1DEF2200003CA989 /* Alamofire.framework */ = {isa = PBXFileReference; lastKnownFileType = wrapper.framework; name = Alamofire.framework; path = ../../Carthage/Build/iOS/Alamofire.framework; sourceTree = "<group>"; };
		01C3F2DE1DEF2200003CA989 /* Cashier.framework */ = {isa = PBXFileReference; lastKnownFileType = wrapper.framework; name = Cashier.framework; path = ../../Carthage/Build/iOS/Cashier.framework; sourceTree = "<group>"; };
		01C3F2F41DEF229D003CA989 /* AppDelegate.swift */ = {isa = PBXFileReference; fileEncoding = 4; lastKnownFileType = sourcecode.swift; path = AppDelegate.swift; sourceTree = "<group>"; };
		01C3F2F61DEF229D003CA989 /* ConnectionManager.swift */ = {isa = PBXFileReference; fileEncoding = 4; lastKnownFileType = sourcecode.swift; path = ConnectionManager.swift; sourceTree = "<group>"; };
		01C3F2F81DEF229D003CA989 /* Identification.swift */ = {isa = PBXFileReference; fileEncoding = 4; lastKnownFileType = sourcecode.swift; path = Identification.swift; sourceTree = "<group>"; };
		01C3F2F91DEF229D003CA989 /* Location.swift */ = {isa = PBXFileReference; fileEncoding = 4; lastKnownFileType = sourcecode.swift; path = Location.swift; sourceTree = "<group>"; };
		01C3F2FA1DEF229D003CA989 /* LoginInfo.swift */ = {isa = PBXFileReference; fileEncoding = 4; lastKnownFileType = sourcecode.swift; path = LoginInfo.swift; sourceTree = "<group>"; };
		01C3F2FB1DEF229D003CA989 /* NameInfo.swift */ = {isa = PBXFileReference; fileEncoding = 4; lastKnownFileType = sourcecode.swift; path = NameInfo.swift; sourceTree = "<group>"; };
		01C3F2FC1DEF229D003CA989 /* ProfilePicture.swift */ = {isa = PBXFileReference; fileEncoding = 4; lastKnownFileType = sourcecode.swift; path = ProfilePicture.swift; sourceTree = "<group>"; };
		01C3F2FD1DEF229D003CA989 /* User.swift */ = {isa = PBXFileReference; fileEncoding = 4; lastKnownFileType = sourcecode.swift; path = User.swift; sourceTree = "<group>"; };
		01C3F3001DEF229D003CA989 /* UserListCell.swift */ = {isa = PBXFileReference; fileEncoding = 4; lastKnownFileType = sourcecode.swift; path = UserListCell.swift; sourceTree = "<group>"; };
		01C3F3011DEF229D003CA989 /* UserListCell.xib */ = {isa = PBXFileReference; fileEncoding = 4; lastKnownFileType = file.xib; path = UserListCell.xib; sourceTree = "<group>"; };
		01C3F3021DEF229D003CA989 /* HomeVC.swift */ = {isa = PBXFileReference; fileEncoding = 4; lastKnownFileType = sourcecode.swift; path = HomeVC.swift; sourceTree = "<group>"; };
		01C3F3031DEF229D003CA989 /* UserDetailsVC.swift */ = {isa = PBXFileReference; fileEncoding = 4; lastKnownFileType = sourcecode.swift; path = UserDetailsVC.swift; sourceTree = "<group>"; };
		01C3F3051DEF229D003CA989 /* Assets.xcassets */ = {isa = PBXFileReference; lastKnownFileType = folder.assetcatalog; path = Assets.xcassets; sourceTree = "<group>"; };
		01C3F3071DEF229D003CA989 /* LaunchScreen.storyboard */ = {isa = PBXFileReference; fileEncoding = 4; lastKnownFileType = file.storyboard; path = LaunchScreen.storyboard; sourceTree = "<group>"; };
		01C3F3081DEF229D003CA989 /* Main.storyboard */ = {isa = PBXFileReference; fileEncoding = 4; lastKnownFileType = file.storyboard; path = Main.storyboard; sourceTree = "<group>"; };
		01C3F30A1DEF229D003CA989 /* Info.plist */ = {isa = PBXFileReference; fileEncoding = 4; lastKnownFileType = text.plist.xml; path = Info.plist; sourceTree = "<group>"; };
		01F961F31CC38966006083C5 /* Serpent Example.app */ = {isa = PBXFileReference; explicitFileType = wrapper.application; includeInIndex = 0; path = "Serpent Example.app"; sourceTree = BUILT_PRODUCTS_DIR; };
/* End PBXFileReference section */

/* Begin PBXFrameworksBuildPhase section */
		01F961F01CC38966006083C5 /* Frameworks */ = {
			isa = PBXFrameworksBuildPhase;
			buildActionMask = 2147483647;
			files = (
				01C3F2D81DEF21C8003CA989 /* Serpent.framework in Frameworks */,
				01C3F2E11DEF2212003CA989 /* Alamofire.framework in Frameworks */,
				01C3F2E21DEF2212003CA989 /* Cashier.framework in Frameworks */,
			);
			runOnlyForDeploymentPostprocessing = 0;
		};
/* End PBXFrameworksBuildPhase section */

/* Begin PBXGroup section */
		01C3F2BF1DEF21B5003CA989 /* Products */ = {
			isa = PBXGroup;
			children = (
				01C3F2C91DEF21B5003CA989 /* Serpent.framework */,
				01C3F2CB1DEF21B5003CA989 /* SerpentTests.xctest */,
				01C3F2CD1DEF21B5003CA989 /* Serpent.framework */,
				01C3F2CF1DEF21B5003CA989 /* Serpent OSXTests.xctest */,
				01C3F2D11DEF21B5003CA989 /* Serpent.framework */,
				01C3F2D31DEF21B5003CA989 /* Serpent tvOSTests.xctest */,
				01C3F2D51DEF21B5003CA989 /* Serpent.framework */,
			);
			name = Products;
			sourceTree = "<group>";
		};
		01C3F2F21DEF229D003CA989 /* SerpentExample */ = {
			isa = PBXGroup;
			children = (
				01C3F2F31DEF229D003CA989 /* Classes */,
				01C3F3041DEF229D003CA989 /* Resources */,
				01C3F3061DEF229D003CA989 /* Storyboards */,
				01C3F3091DEF229D003CA989 /* Supporting Files */,
			);
			path = SerpentExample;
			sourceTree = "<group>";
		};
		01C3F2F31DEF229D003CA989 /* Classes */ = {
			isa = PBXGroup;
			children = (
				01C3F2F41DEF229D003CA989 /* AppDelegate.swift */,
				01C3F2F51DEF229D003CA989 /* Managers */,
				01C3F2F71DEF229D003CA989 /* Models */,
				01C3F2FE1DEF229D003CA989 /* User Interface */,
			);
			path = Classes;
			sourceTree = "<group>";
		};
		01C3F2F51DEF229D003CA989 /* Managers */ = {
			isa = PBXGroup;
			children = (
				01C3F2F61DEF229D003CA989 /* ConnectionManager.swift */,
			);
			path = Managers;
			sourceTree = "<group>";
		};
		01C3F2F71DEF229D003CA989 /* Models */ = {
			isa = PBXGroup;
			children = (
				01C3F2F81DEF229D003CA989 /* Identification.swift */,
				01C3F2F91DEF229D003CA989 /* Location.swift */,
				01C3F2FA1DEF229D003CA989 /* LoginInfo.swift */,
				01C3F2FB1DEF229D003CA989 /* NameInfo.swift */,
				01C3F2FC1DEF229D003CA989 /* ProfilePicture.swift */,
				01C3F2FD1DEF229D003CA989 /* User.swift */,
			);
			path = Models;
			sourceTree = "<group>";
		};
		01C3F2FE1DEF229D003CA989 /* User Interface */ = {
			isa = PBXGroup;
			children = (
				01C3F2FF1DEF229D003CA989 /* Cells */,
				01C3F3021DEF229D003CA989 /* HomeVC.swift */,
				01C3F3031DEF229D003CA989 /* UserDetailsVC.swift */,
			);
			path = "User Interface";
			sourceTree = "<group>";
		};
		01C3F2FF1DEF229D003CA989 /* Cells */ = {
			isa = PBXGroup;
			children = (
				01C3F3001DEF229D003CA989 /* UserListCell.swift */,
				01C3F3011DEF229D003CA989 /* UserListCell.xib */,
			);
			path = Cells;
			sourceTree = "<group>";
		};
		01C3F3041DEF229D003CA989 /* Resources */ = {
			isa = PBXGroup;
			children = (
				01C3F3051DEF229D003CA989 /* Assets.xcassets */,
			);
			path = Resources;
			sourceTree = "<group>";
		};
		01C3F3061DEF229D003CA989 /* Storyboards */ = {
			isa = PBXGroup;
			children = (
				01C3F3071DEF229D003CA989 /* LaunchScreen.storyboard */,
				01C3F3081DEF229D003CA989 /* Main.storyboard */,
			);
			path = Storyboards;
			sourceTree = "<group>";
		};
		01C3F3091DEF229D003CA989 /* Supporting Files */ = {
			isa = PBXGroup;
			children = (
				01C3F30A1DEF229D003CA989 /* Info.plist */,
			);
			path = "Supporting Files";
			sourceTree = "<group>";
		};
		01F961EA1CC38966006083C5 = {
			isa = PBXGroup;
			children = (
				01C3F2BE1DEF21B5003CA989 /* Serpent.xcodeproj */,
				01C3F2F21DEF229D003CA989 /* SerpentExample */,
				01F962801CC397E8006083C5 /* Frameworks */,
				01F961F41CC38966006083C5 /* Products */,
			);
			sourceTree = "<group>";
		};
		01F961F41CC38966006083C5 /* Products */ = {
			isa = PBXGroup;
			children = (
				01F961F31CC38966006083C5 /* Serpent Example.app */,
			);
			name = Products;
			sourceTree = "<group>";
		};
		01F962801CC397E8006083C5 /* Frameworks */ = {
			isa = PBXGroup;
			children = (
				01C3F2DD1DEF2200003CA989 /* Alamofire.framework */,
				01C3F2DE1DEF2200003CA989 /* Cashier.framework */,
			);
			name = Frameworks;
			sourceTree = "<group>";
		};
/* End PBXGroup section */

/* Begin PBXNativeTarget section */
		01F961F21CC38966006083C5 /* Serpent Example */ = {
			isa = PBXNativeTarget;
			buildConfigurationList = 01F962051CC38966006083C5 /* Build configuration list for PBXNativeTarget "Serpent Example" */;
			buildPhases = (
				01F961EF1CC38966006083C5 /* Sources */,
				01F961F01CC38966006083C5 /* Frameworks */,
				01F961F11CC38966006083C5 /* Resources */,
				01F962851CC3980C006083C5 /* Embed Frameworks */,
			);
			buildRules = (
			);
			dependencies = (
				01C3F2D71DEF21BF003CA989 /* PBXTargetDependency */,
			);
			name = "Serpent Example";
			productName = "Serializable Example";
			productReference = 01F961F31CC38966006083C5 /* Serpent Example.app */;
			productType = "com.apple.product-type.application";
		};
/* End PBXNativeTarget section */

/* Begin PBXProject section */
		01F961EB1CC38966006083C5 /* Project object */ = {
			isa = PBXProject;
			attributes = {
				LastSwiftUpdateCheck = 0730;
				LastUpgradeCheck = 0810;
				ORGANIZATIONNAME = "Nodes ApS";
				TargetAttributes = {
					01F961F21CC38966006083C5 = {
						CreatedOnToolsVersion = 7.3;
						DevelopmentTeam = M92A6H7EPZ;
						LastSwiftMigration = 0810;
					};
				};
			};
			buildConfigurationList = 01F961EE1CC38966006083C5 /* Build configuration list for PBXProject "SerpentExample" */;
			compatibilityVersion = "Xcode 3.2";
			developmentRegion = English;
			hasScannedForEncodings = 0;
			knownRegions = (
				Base,
			);
			mainGroup = 01F961EA1CC38966006083C5;
			productRefGroup = 01F961F41CC38966006083C5 /* Products */;
			projectDirPath = "";
			projectReferences = (
				{
					ProductGroup = 01C3F2BF1DEF21B5003CA989 /* Products */;
					ProjectRef = 01C3F2BE1DEF21B5003CA989 /* Serpent.xcodeproj */;
				},
			);
			projectRoot = "";
			targets = (
				01F961F21CC38966006083C5 /* Serpent Example */,
			);
		};
/* End PBXProject section */

/* Begin PBXReferenceProxy section */
		01C3F2C91DEF21B5003CA989 /* Serpent.framework */ = {
			isa = PBXReferenceProxy;
			fileType = wrapper.framework;
			path = Serpent.framework;
			remoteRef = 01C3F2C81DEF21B5003CA989 /* PBXContainerItemProxy */;
			sourceTree = BUILT_PRODUCTS_DIR;
		};
		01C3F2CB1DEF21B5003CA989 /* SerpentTests.xctest */ = {
			isa = PBXReferenceProxy;
			fileType = wrapper.cfbundle;
			path = SerpentTests.xctest;
			remoteRef = 01C3F2CA1DEF21B5003CA989 /* PBXContainerItemProxy */;
			sourceTree = BUILT_PRODUCTS_DIR;
		};
		01C3F2CD1DEF21B5003CA989 /* Serpent.framework */ = {
			isa = PBXReferenceProxy;
			fileType = wrapper.framework;
			path = Serpent.framework;
			remoteRef = 01C3F2CC1DEF21B5003CA989 /* PBXContainerItemProxy */;
			sourceTree = BUILT_PRODUCTS_DIR;
		};
		01C3F2CF1DEF21B5003CA989 /* Serpent OSXTests.xctest */ = {
			isa = PBXReferenceProxy;
			fileType = wrapper.cfbundle;
			path = "Serpent OSXTests.xctest";
			remoteRef = 01C3F2CE1DEF21B5003CA989 /* PBXContainerItemProxy */;
			sourceTree = BUILT_PRODUCTS_DIR;
		};
		01C3F2D11DEF21B5003CA989 /* Serpent.framework */ = {
			isa = PBXReferenceProxy;
			fileType = wrapper.framework;
			path = Serpent.framework;
			remoteRef = 01C3F2D01DEF21B5003CA989 /* PBXContainerItemProxy */;
			sourceTree = BUILT_PRODUCTS_DIR;
		};
		01C3F2D31DEF21B5003CA989 /* Serpent tvOSTests.xctest */ = {
			isa = PBXReferenceProxy;
			fileType = wrapper.cfbundle;
			path = "Serpent tvOSTests.xctest";
			remoteRef = 01C3F2D21DEF21B5003CA989 /* PBXContainerItemProxy */;
			sourceTree = BUILT_PRODUCTS_DIR;
		};
		01C3F2D51DEF21B5003CA989 /* Serpent.framework */ = {
			isa = PBXReferenceProxy;
			fileType = wrapper.framework;
			path = Serpent.framework;
			remoteRef = 01C3F2D41DEF21B5003CA989 /* PBXContainerItemProxy */;
			sourceTree = BUILT_PRODUCTS_DIR;
		};
/* End PBXReferenceProxy section */

/* Begin PBXResourcesBuildPhase section */
		01F961F11CC38966006083C5 /* Resources */ = {
			isa = PBXResourcesBuildPhase;
			buildActionMask = 2147483647;
			files = (
				01C3F3181DEF229D003CA989 /* LaunchScreen.storyboard in Resources */,
				01C3F3171DEF229D003CA989 /* Assets.xcassets in Resources */,
				01C3F3141DEF229D003CA989 /* UserListCell.xib in Resources */,
				01C3F3191DEF229D003CA989 /* Main.storyboard in Resources */,
			);
			runOnlyForDeploymentPostprocessing = 0;
		};
/* End PBXResourcesBuildPhase section */

/* Begin PBXSourcesBuildPhase section */
		01F961EF1CC38966006083C5 /* Sources */ = {
			isa = PBXSourcesBuildPhase;
			buildActionMask = 2147483647;
			files = (
				01C3F3131DEF229D003CA989 /* UserListCell.swift in Sources */,
				01C3F3151DEF229D003CA989 /* HomeVC.swift in Sources */,
				01C3F3101DEF229D003CA989 /* NameInfo.swift in Sources */,
				01C3F30D1DEF229D003CA989 /* Identification.swift in Sources */,
				01C3F30B1DEF229D003CA989 /* AppDelegate.swift in Sources */,
				01C3F30E1DEF229D003CA989 /* Location.swift in Sources */,
				01C3F3121DEF229D003CA989 /* User.swift in Sources */,
				01C3F30C1DEF229D003CA989 /* ConnectionManager.swift in Sources */,
				01C3F30F1DEF229D003CA989 /* LoginInfo.swift in Sources */,
				01C3F3161DEF229D003CA989 /* UserDetailsVC.swift in Sources */,
				01C3F3111DEF229D003CA989 /* ProfilePicture.swift in Sources */,
			);
			runOnlyForDeploymentPostprocessing = 0;
		};
/* End PBXSourcesBuildPhase section */

/* Begin PBXTargetDependency section */
		01C3F2D71DEF21BF003CA989 /* PBXTargetDependency */ = {
			isa = PBXTargetDependency;
			name = "Serpent iOS";
			targetProxy = 01C3F2D61DEF21BF003CA989 /* PBXContainerItemProxy */;
		};
/* End PBXTargetDependency section */

/* Begin XCBuildConfiguration section */
		01F962031CC38966006083C5 /* Debug */ = {
			isa = XCBuildConfiguration;
			buildSettings = {
				ALWAYS_SEARCH_USER_PATHS = NO;
				CLANG_ANALYZER_NONNULL = YES;
				CLANG_CXX_LANGUAGE_STANDARD = "gnu++0x";
				CLANG_CXX_LIBRARY = "libc++";
				CLANG_ENABLE_MODULES = YES;
				CLANG_ENABLE_OBJC_ARC = YES;
				CLANG_WARN_BOOL_CONVERSION = YES;
				CLANG_WARN_CONSTANT_CONVERSION = YES;
				CLANG_WARN_DIRECT_OBJC_ISA_USAGE = YES_ERROR;
				CLANG_WARN_EMPTY_BODY = YES;
				CLANG_WARN_ENUM_CONVERSION = YES;
				CLANG_WARN_INFINITE_RECURSION = YES;
				CLANG_WARN_INT_CONVERSION = YES;
				CLANG_WARN_OBJC_ROOT_CLASS = YES_ERROR;
				CLANG_WARN_SUSPICIOUS_MOVE = YES;
				CLANG_WARN_UNREACHABLE_CODE = YES;
				CLANG_WARN__DUPLICATE_METHOD_MATCH = YES;
				"CODE_SIGN_IDENTITY[sdk=iphoneos*]" = "iPhone Developer";
				COPY_PHASE_STRIP = NO;
				DEBUG_INFORMATION_FORMAT = dwarf;
				ENABLE_STRICT_OBJC_MSGSEND = YES;
				ENABLE_TESTABILITY = YES;
				GCC_C_LANGUAGE_STANDARD = gnu99;
				GCC_DYNAMIC_NO_PIC = NO;
				GCC_NO_COMMON_BLOCKS = YES;
				GCC_OPTIMIZATION_LEVEL = 0;
				GCC_PREPROCESSOR_DEFINITIONS = (
					"DEBUG=1",
					"$(inherited)",
				);
				GCC_WARN_64_TO_32_BIT_CONVERSION = YES;
				GCC_WARN_ABOUT_RETURN_TYPE = YES_ERROR;
				GCC_WARN_UNDECLARED_SELECTOR = YES;
				GCC_WARN_UNINITIALIZED_AUTOS = YES_AGGRESSIVE;
				GCC_WARN_UNUSED_FUNCTION = YES;
				GCC_WARN_UNUSED_VARIABLE = YES;
				IPHONEOS_DEPLOYMENT_TARGET = 8.0;
				MTL_ENABLE_DEBUG_INFO = YES;
				ONLY_ACTIVE_ARCH = YES;
				SDKROOT = iphoneos;
				SWIFT_OPTIMIZATION_LEVEL = "-Onone";
			};
			name = Debug;
		};
		01F962041CC38966006083C5 /* Release */ = {
			isa = XCBuildConfiguration;
			buildSettings = {
				ALWAYS_SEARCH_USER_PATHS = NO;
				CLANG_ANALYZER_NONNULL = YES;
				CLANG_CXX_LANGUAGE_STANDARD = "gnu++0x";
				CLANG_CXX_LIBRARY = "libc++";
				CLANG_ENABLE_MODULES = YES;
				CLANG_ENABLE_OBJC_ARC = YES;
				CLANG_WARN_BOOL_CONVERSION = YES;
				CLANG_WARN_CONSTANT_CONVERSION = YES;
				CLANG_WARN_DIRECT_OBJC_ISA_USAGE = YES_ERROR;
				CLANG_WARN_EMPTY_BODY = YES;
				CLANG_WARN_ENUM_CONVERSION = YES;
				CLANG_WARN_INFINITE_RECURSION = YES;
				CLANG_WARN_INT_CONVERSION = YES;
				CLANG_WARN_OBJC_ROOT_CLASS = YES_ERROR;
				CLANG_WARN_SUSPICIOUS_MOVE = YES;
				CLANG_WARN_UNREACHABLE_CODE = YES;
				CLANG_WARN__DUPLICATE_METHOD_MATCH = YES;
				"CODE_SIGN_IDENTITY[sdk=iphoneos*]" = "iPhone Developer";
				COPY_PHASE_STRIP = NO;
				DEBUG_INFORMATION_FORMAT = "dwarf-with-dsym";
				ENABLE_NS_ASSERTIONS = NO;
				ENABLE_STRICT_OBJC_MSGSEND = YES;
				GCC_C_LANGUAGE_STANDARD = gnu99;
				GCC_NO_COMMON_BLOCKS = YES;
				GCC_WARN_64_TO_32_BIT_CONVERSION = YES;
				GCC_WARN_ABOUT_RETURN_TYPE = YES_ERROR;
				GCC_WARN_UNDECLARED_SELECTOR = YES;
				GCC_WARN_UNINITIALIZED_AUTOS = YES_AGGRESSIVE;
				GCC_WARN_UNUSED_FUNCTION = YES;
				GCC_WARN_UNUSED_VARIABLE = YES;
				IPHONEOS_DEPLOYMENT_TARGET = 8.0;
				MTL_ENABLE_DEBUG_INFO = NO;
				SDKROOT = iphoneos;
				SWIFT_OPTIMIZATION_LEVEL = "-Owholemodule";
				VALIDATE_PRODUCT = YES;
			};
			name = Release;
		};
		01F962061CC38966006083C5 /* Debug */ = {
			isa = XCBuildConfiguration;
			buildSettings = {
				ALWAYS_EMBED_SWIFT_STANDARD_LIBRARIES = YES;
				ASSETCATALOG_COMPILER_APPICON_NAME = AppIcon;
				DEVELOPMENT_TEAM = M92A6H7EPZ;
				FRAMEWORK_SEARCH_PATHS = "\"${SRCROOT}/../../Carthage/Build/iOS\"";
				INFOPLIST_FILE = "$(SRCROOT)/SerpentExample/Supporting Files/Info.plist";
				IPHONEOS_DEPLOYMENT_TARGET = 9.0;
				LD_RUNPATH_SEARCH_PATHS = "$(inherited) @executable_path/Frameworks";
				PRODUCT_BUNDLE_IDENTIFIER = "com.nodes.Serpent-Example";
				PRODUCT_NAME = "$(TARGET_NAME)";
				SWIFT_VERSION = 3.0;
			};
			name = Debug;
		};
		01F962071CC38966006083C5 /* Release */ = {
			isa = XCBuildConfiguration;
			buildSettings = {
				ALWAYS_EMBED_SWIFT_STANDARD_LIBRARIES = YES;
				ASSETCATALOG_COMPILER_APPICON_NAME = AppIcon;
				DEVELOPMENT_TEAM = M92A6H7EPZ;
				FRAMEWORK_SEARCH_PATHS = "\"${SRCROOT}/../../Carthage/Build/iOS\"";
				INFOPLIST_FILE = "$(SRCROOT)/SerpentExample/Supporting Files/Info.plist";
				IPHONEOS_DEPLOYMENT_TARGET = 9.0;
				LD_RUNPATH_SEARCH_PATHS = "$(inherited) @executable_path/Frameworks";
				PRODUCT_BUNDLE_IDENTIFIER = "com.nodes.Serpent-Example";
				PRODUCT_NAME = "$(TARGET_NAME)";
				SWIFT_VERSION = 3.0;
			};
			name = Release;
		};
/* End XCBuildConfiguration section */

/* Begin XCConfigurationList section */
		01F961EE1CC38966006083C5 /* Build configuration list for PBXProject "SerpentExample" */ = {
			isa = XCConfigurationList;
			buildConfigurations = (
				01F962031CC38966006083C5 /* Debug */,
				01F962041CC38966006083C5 /* Release */,
			);
			defaultConfigurationIsVisible = 0;
			defaultConfigurationName = Release;
		};
		01F962051CC38966006083C5 /* Build configuration list for PBXNativeTarget "Serpent Example" */ = {
			isa = XCConfigurationList;
			buildConfigurations = (
				01F962061CC38966006083C5 /* Debug */,
				01F962071CC38966006083C5 /* Release */,
			);
			defaultConfigurationIsVisible = 0;
			defaultConfigurationName = Release;
		};
/* End XCConfigurationList section */
	};
	rootObject = 01F961EB1CC38966006083C5 /* Project object */;
}
